{
  "object": {
    "pins": [
      {
        "package": "BilibiliKit",
        "repositoryURL": "https://github.com/ApolloZhu/BilibiliKit",
        "state": {
          "branch": "master",
          "revision": "d4f409564dabc61586126472564aebacf241b17e",
          "version": null
        }
      },
      {
        "package": "swift_qrcodejs",
        "repositoryURL": "https://github.com/ApolloZhu/swift_qrcodejs",
        "state": {
          "branch": "master",
          "revision": "f15a16fa5213ccb3e8c6125917b58736a9b1b053",
          "version": null
        }
      }
    ]
  },
  "version": 1
}
