{
  "object": {
    "pins": [
      {
        "package": "BilibiliKit",
        "repositoryURL": "https://github.com/ApolloZhu/BilibiliKit",
        "state": {
          "branch": "master",
          "revision": "0fb1e70181d4d2206156fa21ee90e37157d1fe72",
          "version": null
        }
      },
      {
        "package": "swift_qrcodejs",
        "repositoryURL": "https://github.com/ApolloZhu/swift_qrcodejs",
        "state": {
          "branch": "master",
          "revision": "c547aa43a1c4aae67035f2f3d1545b3fbd4855e7",
          "version": null
        }
      }
    ]
  },
  "version": 1
}
