{
  "object": {
    "pins": [
      {
        "package": "BilibiliKit",
        "repositoryURL": "https://github.com/ApolloZhu/BilibiliKit",
        "state": {
          "branch": "master",
          "revision": "d4f409564dabc61586126472564aebacf241b17e",
          "version": null
        }
      },
      {
        "package": "swift_qrcodejs",
        "repositoryURL": "https://github.com/ApolloZhu/swift_qrcodejs",
        "state": {
          "branch": "master",
          "revision": "3f0eae58e0dc92bc25655fbb41648c1d7f3f9fd9",
          "version": null
        }
      }
    ]
  },
  "version": 1
}
