{
  "object": {
    "pins": [
      {
        "package": "Srt2BilibiliKit",
        "repositoryURL": "https://github.com/ApolloZhu/Srt2BilibiliKit",
        "state": {
          "branch": null,
          "revision": "531ed8e4d50df93accd0e2e4f05d997172a5f8d6",
          "version": "1.0.1"
        }
      }
    ]
  },
  "version": 1
}
