// !$*UTF8*$!
{
   archiveVersion = "1";
   objectVersion = "46";
   objects = {
      "BilibiliKit::BilibiliKit" = {
         isa = "PBXNativeTarget";
         buildConfigurationList = "OBJ_133";
         buildPhases = (
            "OBJ_136",
            "OBJ_139",
         );
         dependencies = (
         );
         name = "BilibiliKit";
         productName = "BilibiliKit";
         productReference = "BilibiliKit::BilibiliKit::Product";
         productType = "com.apple.product-type.framework";
      };
      "BilibiliKit::BilibiliKit::Product" = {
         isa = "PBXFileReference";
         path = "BilibiliKit.framework";
         sourceTree = "BUILT_PRODUCTS_DIR";
      };
      "BilibiliKit::SwiftPMPackageDescription" = {
         isa = "PBXNativeTarget";
         buildConfigurationList = "OBJ_66";
         buildPhases = (
            "OBJ_69",
         );
         dependencies = (
         );
         name = "BilibiliKitPackageDescription";
         productName = "BilibiliKitPackageDescription";
         productType = "com.apple.product-type.framework";
      };
      "OBJ_1" = {
         isa = "PBXProject";
         attributes = {
            LastUpgradeCheck = "9999";
         };
         buildConfigurationList = "OBJ_2";
         compatibilityVersion = "Xcode 3.2";
         developmentRegion = "English";
         hasScannedForEncodings = "0";
         knownRegions = (
            "en",
         );
         mainGroup = "OBJ_5";
         productRefGroup = "OBJ_47";
         projectDirPath = ".";
         targets = (
            "Srt2BilibiliKit::SwiftPMPackageDescription",
            "swift_qrcodejs::SwiftPMPackageDescription",
            "BilibiliKit::SwiftPMPackageDescription",
            "Srt2BilibiliKit::Srt2Bilibili-cli",
            "swift_qrcodejs::swift_qrcodejs",
            "Srt2BilibiliKit::Srt2BilibiliKitTests",
            "Srt2BilibiliKit::Srt2BilibiliKit",
            "BilibiliKit::BilibiliKit",
            "Srt2BilibiliKit::Srt2BilibiliKitPackageTests::ProductTarget",
         );
      };
      "OBJ_10" = {
         isa = "PBXFileReference";
         path = "S2BDanmaku.swift";
         sourceTree = "<group>";
      };
      "OBJ_100" = {
         isa = "PBXBuildFile";
         fileRef = "OBJ_35";
      };
      "OBJ_101" = {
         isa = "PBXBuildFile";
         fileRef = "OBJ_36";
      };
      "OBJ_102" = {
         isa = "PBXBuildFile";
         fileRef = "OBJ_37";
      };
      "OBJ_103" = {
         isa = "PBXBuildFile";
         fileRef = "OBJ_38";
      };
      "OBJ_104" = {
         isa = "PBXBuildFile";
         fileRef = "OBJ_39";
      };
      "OBJ_105" = {
         isa = "PBXBuildFile";
         fileRef = "OBJ_40";
      };
      "OBJ_106" = {
         isa = "PBXFrameworksBuildPhase";
         files = (
         );
      };
      "OBJ_108" = {
         isa = "XCConfigurationList";
         buildConfigurations = (
            "OBJ_109",
            "OBJ_110",
         );
         defaultConfigurationIsVisible = "0";
         defaultConfigurationName = "Debug";
      };
      "OBJ_109" = {
         isa = "XCBuildConfiguration";
         buildSettings = {
            EMBEDDED_CONTENT_CONTAINS_SWIFT = "YES";
            FRAMEWORK_SEARCH_PATHS = (
               "$(inherited)",
               "$(PLATFORM_DIR)/Developer/Library/Frameworks",
            );
            HEADER_SEARCH_PATHS = (
               "$(inherited)",
            );
            INFOPLIST_FILE = "Srt2BilibiliKit.xcodeproj/Srt2BilibiliKitTests_Info.plist";
            LD_RUNPATH_SEARCH_PATHS = (
               "@loader_path/../Frameworks",
               "@loader_path/Frameworks",
            );
            OTHER_LDFLAGS = (
               "$(inherited)",
            );
            OTHER_SWIFT_FLAGS = (
               "$(inherited)",
            );
            SWIFT_VERSION = "4.0";
            TARGET_NAME = "Srt2BilibiliKitTests";
         };
         name = "Debug";
      };
      "OBJ_11" = {
         isa = "PBXFileReference";
         path = "S2BEmitter.swift";
         sourceTree = "<group>";
      };
      "OBJ_110" = {
         isa = "XCBuildConfiguration";
         buildSettings = {
            EMBEDDED_CONTENT_CONTAINS_SWIFT = "YES";
            FRAMEWORK_SEARCH_PATHS = (
               "$(inherited)",
               "$(PLATFORM_DIR)/Developer/Library/Frameworks",
            );
            HEADER_SEARCH_PATHS = (
               "$(inherited)",
            );
            INFOPLIST_FILE = "Srt2BilibiliKit.xcodeproj/Srt2BilibiliKitTests_Info.plist";
            LD_RUNPATH_SEARCH_PATHS = (
               "@loader_path/../Frameworks",
               "@loader_path/Frameworks",
            );
            OTHER_LDFLAGS = (
               "$(inherited)",
            );
            OTHER_SWIFT_FLAGS = (
               "$(inherited)",
            );
            SWIFT_VERSION = "4.0";
            TARGET_NAME = "Srt2BilibiliKitTests";
         };
         name = "Release";
      };
      "OBJ_111" = {
         isa = "PBXSourcesBuildPhase";
         files = (
            "OBJ_112",
         );
      };
      "OBJ_112" = {
         isa = "PBXBuildFile";
         fileRef = "OBJ_21";
      };
      "OBJ_113" = {
         isa = "PBXFrameworksBuildPhase";
         files = (
            "OBJ_114",
            "OBJ_115",
         );
      };
      "OBJ_114" = {
         isa = "PBXBuildFile";
         fileRef = "Srt2BilibiliKit::Srt2BilibiliKit::Product";
      };
      "OBJ_115" = {
         isa = "PBXBuildFile";
         fileRef = "BilibiliKit::BilibiliKit::Product";
      };
      "OBJ_116" = {
         isa = "PBXTargetDependency";
         target = "Srt2BilibiliKit::Srt2BilibiliKit";
      };
      "OBJ_117" = {
         isa = "PBXTargetDependency";
         target = "BilibiliKit::BilibiliKit";
      };
      "OBJ_118" = {
         isa = "XCConfigurationList";
         buildConfigurations = (
            "OBJ_119",
            "OBJ_120",
         );
         defaultConfigurationIsVisible = "0";
         defaultConfigurationName = "Debug";
      };
      "OBJ_119" = {
         isa = "XCBuildConfiguration";
         buildSettings = {
            ENABLE_TESTABILITY = "YES";
            FRAMEWORK_SEARCH_PATHS = (
               "$(inherited)",
               "$(PLATFORM_DIR)/Developer/Library/Frameworks",
            );
            HEADER_SEARCH_PATHS = (
               "$(inherited)",
            );
            INFOPLIST_FILE = "Srt2BilibiliKit.xcodeproj/Srt2BilibiliKit_Info.plist";
            LD_RUNPATH_SEARCH_PATHS = (
               "$(TOOLCHAIN_DIR)/usr/lib/swift/macosx",
            );
            OTHER_LDFLAGS = (
               "$(inherited)",
            );
            OTHER_SWIFT_FLAGS = (
               "$(inherited)",
            );
            PRODUCT_BUNDLE_IDENTIFIER = "Srt2BilibiliKit";
            PRODUCT_MODULE_NAME = "$(TARGET_NAME:c99extidentifier)";
            PRODUCT_NAME = "$(TARGET_NAME:c99extidentifier)";
            SKIP_INSTALL = "YES";
            SWIFT_VERSION = "4.0";
            TARGET_NAME = "Srt2BilibiliKit";
         };
         name = "Debug";
      };
      "OBJ_12" = {
         isa = "PBXFileReference";
         path = "S2BPostableDanmaku.swift";
         sourceTree = "<group>";
      };
      "OBJ_120" = {
         isa = "XCBuildConfiguration";
         buildSettings = {
            ENABLE_TESTABILITY = "YES";
            FRAMEWORK_SEARCH_PATHS = (
               "$(inherited)",
               "$(PLATFORM_DIR)/Developer/Library/Frameworks",
            );
            HEADER_SEARCH_PATHS = (
               "$(inherited)",
            );
            INFOPLIST_FILE = "Srt2BilibiliKit.xcodeproj/Srt2BilibiliKit_Info.plist";
            LD_RUNPATH_SEARCH_PATHS = (
               "$(TOOLCHAIN_DIR)/usr/lib/swift/macosx",
            );
            OTHER_LDFLAGS = (
               "$(inherited)",
            );
            OTHER_SWIFT_FLAGS = (
               "$(inherited)",
            );
            PRODUCT_BUNDLE_IDENTIFIER = "Srt2BilibiliKit";
            PRODUCT_MODULE_NAME = "$(TARGET_NAME:c99extidentifier)";
            PRODUCT_NAME = "$(TARGET_NAME:c99extidentifier)";
            SKIP_INSTALL = "YES";
            SWIFT_VERSION = "4.0";
            TARGET_NAME = "Srt2BilibiliKit";
         };
         name = "Release";
      };
      "OBJ_121" = {
         isa = "PBXSourcesBuildPhase";
         files = (
            "OBJ_122",
            "OBJ_123",
            "OBJ_124",
            "OBJ_125",
            "OBJ_126",
            "OBJ_127",
            "OBJ_128",
            "OBJ_129",
         );
      };
      "OBJ_122" = {
         isa = "PBXBuildFile";
         fileRef = "OBJ_9";
      };
      "OBJ_123" = {
         isa = "PBXBuildFile";
         fileRef = "OBJ_10";
      };
      "OBJ_124" = {
         isa = "PBXBuildFile";
         fileRef = "OBJ_11";
      };
      "OBJ_125" = {
         isa = "PBXBuildFile";
         fileRef = "OBJ_12";
      };
      "OBJ_126" = {
         isa = "PBXBuildFile";
         fileRef = "OBJ_13";
      };
      "OBJ_127" = {
         isa = "PBXBuildFile";
         fileRef = "OBJ_14";
      };
      "OBJ_128" = {
         isa = "PBXBuildFile";
         fileRef = "OBJ_15";
      };
      "OBJ_129" = {
         isa = "PBXBuildFile";
         fileRef = "OBJ_16";
      };
      "OBJ_13" = {
         isa = "PBXFileReference";
         path = "S2BPostedDanmaku.swift";
         sourceTree = "<group>";
      };
      "OBJ_130" = {
         isa = "PBXFrameworksBuildPhase";
         files = (
            "OBJ_131",
         );
      };
      "OBJ_131" = {
         isa = "PBXBuildFile";
         fileRef = "BilibiliKit::BilibiliKit::Product";
      };
      "OBJ_132" = {
         isa = "PBXTargetDependency";
         target = "BilibiliKit::BilibiliKit";
      };
      "OBJ_133" = {
         isa = "XCConfigurationList";
         buildConfigurations = (
            "OBJ_134",
            "OBJ_135",
         );
         defaultConfigurationIsVisible = "0";
         defaultConfigurationName = "Debug";
      };
      "OBJ_134" = {
         isa = "XCBuildConfiguration";
         buildSettings = {
            ENABLE_TESTABILITY = "YES";
            FRAMEWORK_SEARCH_PATHS = (
               "$(inherited)",
               "$(PLATFORM_DIR)/Developer/Library/Frameworks",
            );
            HEADER_SEARCH_PATHS = (
               "$(inherited)",
            );
            INFOPLIST_FILE = "Srt2BilibiliKit.xcodeproj/BilibiliKit_Info.plist";
            LD_RUNPATH_SEARCH_PATHS = (
               "$(TOOLCHAIN_DIR)/usr/lib/swift/macosx",
            );
            OTHER_LDFLAGS = (
               "$(inherited)",
            );
            OTHER_SWIFT_FLAGS = (
               "$(inherited)",
            );
            PRODUCT_BUNDLE_IDENTIFIER = "BilibiliKit";
            PRODUCT_MODULE_NAME = "$(TARGET_NAME:c99extidentifier)";
            PRODUCT_NAME = "$(TARGET_NAME:c99extidentifier)";
            SKIP_INSTALL = "YES";
            SWIFT_VERSION = "4.0";
            TARGET_NAME = "BilibiliKit";
         };
         name = "Debug";
      };
      "OBJ_135" = {
         isa = "XCBuildConfiguration";
         buildSettings = {
            ENABLE_TESTABILITY = "YES";
            FRAMEWORK_SEARCH_PATHS = (
               "$(inherited)",
               "$(PLATFORM_DIR)/Developer/Library/Frameworks",
            );
            HEADER_SEARCH_PATHS = (
               "$(inherited)",
            );
            INFOPLIST_FILE = "Srt2BilibiliKit.xcodeproj/BilibiliKit_Info.plist";
            LD_RUNPATH_SEARCH_PATHS = (
               "$(TOOLCHAIN_DIR)/usr/lib/swift/macosx",
            );
            OTHER_LDFLAGS = (
               "$(inherited)",
            );
            OTHER_SWIFT_FLAGS = (
               "$(inherited)",
            );
            PRODUCT_BUNDLE_IDENTIFIER = "BilibiliKit";
            PRODUCT_MODULE_NAME = "$(TARGET_NAME:c99extidentifier)";
            PRODUCT_NAME = "$(TARGET_NAME:c99extidentifier)";
            SKIP_INSTALL = "YES";
            SWIFT_VERSION = "4.0";
            TARGET_NAME = "BilibiliKit";
         };
         name = "Release";
      };
      "OBJ_136" = {
         isa = "PBXSourcesBuildPhase";
         files = (
            "OBJ_137",
            "OBJ_138",
         );
      };
      "OBJ_137" = {
         isa = "PBXBuildFile";
         fileRef = "OBJ_45";
      };
      "OBJ_138" = {
         isa = "PBXBuildFile";
         fileRef = "OBJ_46";
      };
      "OBJ_139" = {
         isa = "PBXFrameworksBuildPhase";
         files = (
         );
      };
      "OBJ_14" = {
         isa = "PBXFileReference";
         path = "S2BSubRipFile.swift";
         sourceTree = "<group>";
      };
      "OBJ_141" = {
         isa = "XCConfigurationList";
         buildConfigurations = (
            "OBJ_142",
            "OBJ_143",
         );
         defaultConfigurationIsVisible = "0";
         defaultConfigurationName = "Debug";
      };
      "OBJ_142" = {
         isa = "XCBuildConfiguration";
         buildSettings = {
         };
         name = "Debug";
      };
      "OBJ_143" = {
         isa = "XCBuildConfiguration";
         buildSettings = {
         };
         name = "Release";
      };
      "OBJ_144" = {
         isa = "PBXTargetDependency";
         target = "Srt2BilibiliKit::Srt2BilibiliKitTests";
      };
      "OBJ_15" = {
         isa = "PBXFileReference";
         path = "S2BSubtitle.swift";
         sourceTree = "<group>";
      };
      "OBJ_16" = {
         isa = "PBXFileReference";
         path = "S2BVideo.swift";
         sourceTree = "<group>";
      };
      "OBJ_17" = {
         isa = "PBXGroup";
         children = (
            "OBJ_18",
         );
         name = "Srt2Bilibili-cli";
         path = "Sources/Srt2Bilibili-cli";
         sourceTree = "SOURCE_ROOT";
      };
      "OBJ_18" = {
         isa = "PBXFileReference";
         path = "main.swift";
         sourceTree = "<group>";
      };
      "OBJ_19" = {
         isa = "PBXGroup";
         children = (
            "OBJ_20",
         );
         name = "Tests";
         path = "";
         sourceTree = "SOURCE_ROOT";
      };
      "OBJ_2" = {
         isa = "XCConfigurationList";
         buildConfigurations = (
            "OBJ_3",
            "OBJ_4",
         );
         defaultConfigurationIsVisible = "0";
         defaultConfigurationName = "Debug";
      };
      "OBJ_20" = {
         isa = "PBXGroup";
         children = (
            "OBJ_21",
         );
         name = "Srt2BilibiliKitTests";
         path = "Tests/Srt2BilibiliKitTests";
         sourceTree = "SOURCE_ROOT";
      };
      "OBJ_21" = {
         isa = "PBXFileReference";
         path = "Srt2BilibiliKitTests.swift";
         sourceTree = "<group>";
      };
      "OBJ_22" = {
         isa = "PBXFileReference";
         path = "sh";
         sourceTree = "SOURCE_ROOT";
      };
      "OBJ_23" = {
         isa = "PBXGroup";
         children = (
            "OBJ_24",
            "OBJ_43",
         );
         name = "Dependencies";
         path = "";
         sourceTree = "<group>";
      };
      "OBJ_24" = {
         isa = "PBXGroup";
         children = (
            "OBJ_25",
            "OBJ_41",
            "OBJ_42",
         );
         name = "swift_qrcodejs";
         path = "";
         sourceTree = "SOURCE_ROOT";
      };
      "OBJ_25" = {
         isa = "PBXGroup";
         children = (
            "OBJ_26",
            "OBJ_27",
            "OBJ_28",
            "OBJ_29",
            "OBJ_30",
            "OBJ_31",
            "OBJ_32",
            "OBJ_33",
            "OBJ_34",
            "OBJ_35",
            "OBJ_36",
            "OBJ_37",
            "OBJ_38",
            "OBJ_39",
            "OBJ_40",
         );
         name = "swift_qrcodejs";
         path = ".build/checkouts/swift_qrcodejs--3118771489649426200/Sources";
         sourceTree = "SOURCE_ROOT";
      };
      "OBJ_26" = {
         isa = "PBXFileReference";
         path = "BCHUtil.swift";
         sourceTree = "<group>";
      };
      "OBJ_27" = {
         isa = "PBXFileReference";
         path = "Error.swift";
         sourceTree = "<group>";
      };
      "OBJ_28" = {
         isa = "PBXFileReference";
         path = "QR8bitByte.swift";
         sourceTree = "<group>";
      };
      "OBJ_29" = {
         isa = "PBXFileReference";
         path = "QRBitBuffer.swift";
         sourceTree = "<group>";
      };
      "OBJ_3" = {
         isa = "XCBuildConfiguration";
         buildSettings = {
            CLANG_ENABLE_OBJC_ARC = "YES";
            COMBINE_HIDPI_IMAGES = "YES";
            COPY_PHASE_STRIP = "NO";
            DEBUG_INFORMATION_FORMAT = "dwarf";
            DYLIB_INSTALL_NAME_BASE = "@rpath";
            ENABLE_NS_ASSERTIONS = "YES";
            GCC_OPTIMIZATION_LEVEL = "0";
            MACOSX_DEPLOYMENT_TARGET = "10.10";
            ONLY_ACTIVE_ARCH = "YES";
            OTHER_SWIFT_FLAGS = (
               "-DXcode",
            );
            PRODUCT_NAME = "$(TARGET_NAME)";
            SDKROOT = "macosx";
            SUPPORTED_PLATFORMS = (
               "macosx",
               "iphoneos",
               "iphonesimulator",
               "appletvos",
               "appletvsimulator",
               "watchos",
               "watchsimulator",
            );
            SWIFT_ACTIVE_COMPILATION_CONDITIONS = "SWIFT_PACKAGE";
            SWIFT_OPTIMIZATION_LEVEL = "-Onone";
            USE_HEADERMAP = "NO";
         };
         name = "Debug";
      };
      "OBJ_30" = {
         isa = "PBXFileReference";
         path = "QRCode.swift";
         sourceTree = "<group>";
      };
      "OBJ_31" = {
         isa = "PBXFileReference";
         path = "QRCodeModel.swift";
         sourceTree = "<group>";
      };
      "OBJ_32" = {
         isa = "PBXFileReference";
         path = "QRCodeRenderer.swift";
         sourceTree = "<group>";
      };
      "OBJ_33" = {
         isa = "PBXFileReference";
         path = "QRCodeType.swift";
         sourceTree = "<group>";
      };
      "OBJ_34" = {
         isa = "PBXFileReference";
         path = "QRErrorCorrectLevel.swift";
         sourceTree = "<group>";
      };
      "OBJ_35" = {
         isa = "PBXFileReference";
         path = "QRMaskPattern.swift";
         sourceTree = "<group>";
      };
      "OBJ_36" = {
         isa = "PBXFileReference";
         path = "QRMath.swift";
         sourceTree = "<group>";
      };
      "OBJ_37" = {
         isa = "PBXFileReference";
         path = "QRMode.swift";
         sourceTree = "<group>";
      };
      "OBJ_38" = {
         isa = "PBXFileReference";
         path = "QRPatternLocator.swift";
         sourceTree = "<group>";
      };
      "OBJ_39" = {
         isa = "PBXFileReference";
         path = "QRPolynomial.swift";
         sourceTree = "<group>";
      };
      "OBJ_4" = {
         isa = "XCBuildConfiguration";
         buildSettings = {
            CLANG_ENABLE_OBJC_ARC = "YES";
            COMBINE_HIDPI_IMAGES = "YES";
            COPY_PHASE_STRIP = "YES";
            DEBUG_INFORMATION_FORMAT = "dwarf-with-dsym";
            DYLIB_INSTALL_NAME_BASE = "@rpath";
            GCC_OPTIMIZATION_LEVEL = "s";
            MACOSX_DEPLOYMENT_TARGET = "10.10";
            OTHER_SWIFT_FLAGS = (
               "-DXcode",
            );
            PRODUCT_NAME = "$(TARGET_NAME)";
            SDKROOT = "macosx";
            SUPPORTED_PLATFORMS = (
               "macosx",
               "iphoneos",
               "iphonesimulator",
               "appletvos",
               "appletvsimulator",
               "watchos",
               "watchsimulator",
            );
            SWIFT_ACTIVE_COMPILATION_CONDITIONS = "SWIFT_PACKAGE";
            SWIFT_OPTIMIZATION_LEVEL = "-Owholemodule";
            USE_HEADERMAP = "NO";
         };
         name = "Release";
      };
      "OBJ_40" = {
         isa = "PBXFileReference";
         path = "QRRSBlock.swift";
         sourceTree = "<group>";
      };
      "OBJ_41" = {
         isa = "PBXGroup";
         children = (
         );
         name = "swift_qrcodejs-cli";
         path = ".build/checkouts/swift_qrcodejs--3118771489649426200/Example";
         sourceTree = "SOURCE_ROOT";
      };
      "OBJ_42" = {
         isa = "PBXFileReference";
         explicitFileType = "sourcecode.swift";
         name = "Package.swift";
         path = "/Users/Apollonian/Documents/Git-Repo/Srt2BilibiliKit/.build/checkouts/swift_qrcodejs--3118771489649426200/Package.swift";
         sourceTree = "<group>";
      };
      "OBJ_43" = {
         isa = "PBXGroup";
         children = (
            "OBJ_44",
            "OBJ_45",
            "OBJ_46",
         );
         name = "BilibiliKit";
         path = ".build/checkouts/BilibiliKit-9099041423531033350/Sources";
         sourceTree = "SOURCE_ROOT";
      };
      "OBJ_44" = {
         isa = "PBXFileReference";
         explicitFileType = "sourcecode.swift";
         name = "Package.swift";
         path = "/Users/Apollonian/Documents/Git-Repo/Srt2BilibiliKit/.build/checkouts/BilibiliKit-9099041423531033350/Package.swift";
         sourceTree = "<group>";
      };
      "OBJ_45" = {
         isa = "PBXFileReference";
         path = "BKCookie.swift";
         sourceTree = "<group>";
      };
      "OBJ_46" = {
         isa = "PBXFileReference";
         path = "BKLogin.swift";
         sourceTree = "<group>";
      };
      "OBJ_47" = {
         isa = "PBXGroup";
         children = (
            "Srt2BilibiliKit::Srt2Bilibili-cli::Product",
            "swift_qrcodejs::swift_qrcodejs::Product",
            "Srt2BilibiliKit::Srt2BilibiliKitTests::Product",
            "Srt2BilibiliKit::Srt2BilibiliKit::Product",
            "BilibiliKit::BilibiliKit::Product",
         );
         name = "Products";
         path = "";
         sourceTree = "BUILT_PRODUCTS_DIR";
      };
      "OBJ_5" = {
         isa = "PBXGroup";
         children = (
            "OBJ_6",
            "OBJ_7",
            "OBJ_19",
            "OBJ_22",
            "OBJ_23",
            "OBJ_47",
         );
         path = "";
         sourceTree = "<group>";
      };
      "OBJ_54" = {
         isa = "XCConfigurationList";
         buildConfigurations = (
            "OBJ_55",
            "OBJ_56",
         );
         defaultConfigurationIsVisible = "0";
         defaultConfigurationName = "Debug";
      };
      "OBJ_55" = {
         isa = "XCBuildConfiguration";
         buildSettings = {
            LD = "/usr/bin/true";
            OTHER_SWIFT_FLAGS = (
               "-swift-version",
               "4",
               "-I",
               "/Applications/Xcode.app/Contents/Developer/Toolchains/XcodeDefault.xctoolchain/usr/lib/swift/pm/4",
               "-target",
               "x86_64-apple-macosx10.10",
               "-sdk",
               "/Applications/Xcode.app/Contents/Developer/Platforms/MacOSX.platform/Developer/SDKs/MacOSX10.13.sdk",
            );
            SWIFT_VERSION = "4.0";
         };
         name = "Debug";
      };
      "OBJ_56" = {
         isa = "XCBuildConfiguration";
         buildSettings = {
            LD = "/usr/bin/true";
            OTHER_SWIFT_FLAGS = (
               "-swift-version",
               "4",
               "-I",
               "/Applications/Xcode.app/Contents/Developer/Toolchains/XcodeDefault.xctoolchain/usr/lib/swift/pm/4",
               "-target",
               "x86_64-apple-macosx10.10",
               "-sdk",
               "/Applications/Xcode.app/Contents/Developer/Platforms/MacOSX.platform/Developer/SDKs/MacOSX10.13.sdk",
            );
            SWIFT_VERSION = "4.0";
         };
         name = "Release";
      };
      "OBJ_57" = {
         isa = "PBXSourcesBuildPhase";
         files = (
            "OBJ_58",
         );
      };
      "OBJ_58" = {
         isa = "PBXBuildFile";
         fileRef = "OBJ_6";
      };
      "OBJ_6" = {
         isa = "PBXFileReference";
         explicitFileType = "sourcecode.swift";
         path = "Package.swift";
         sourceTree = "<group>";
      };
      "OBJ_60" = {
         isa = "XCConfigurationList";
         buildConfigurations = (
            "OBJ_61",
            "OBJ_62",
         );
         defaultConfigurationIsVisible = "0";
         defaultConfigurationName = "Debug";
      };
      "OBJ_61" = {
         isa = "XCBuildConfiguration";
         buildSettings = {
            LD = "/usr/bin/true";
            OTHER_SWIFT_FLAGS = (
               "-swift-version",
               "4",
               "-I",
               "/Applications/Xcode.app/Contents/Developer/Toolchains/XcodeDefault.xctoolchain/usr/lib/swift/pm/4",
               "-target",
               "x86_64-apple-macosx10.10",
               "-sdk",
               "/Applications/Xcode.app/Contents/Developer/Platforms/MacOSX.platform/Developer/SDKs/MacOSX10.13.sdk",
            );
            SWIFT_VERSION = "4.0";
         };
         name = "Debug";
      };
      "OBJ_62" = {
         isa = "XCBuildConfiguration";
         buildSettings = {
            LD = "/usr/bin/true";
            OTHER_SWIFT_FLAGS = (
               "-swift-version",
               "4",
               "-I",
               "/Applications/Xcode.app/Contents/Developer/Toolchains/XcodeDefault.xctoolchain/usr/lib/swift/pm/4",
               "-target",
               "x86_64-apple-macosx10.10",
               "-sdk",
               "/Applications/Xcode.app/Contents/Developer/Platforms/MacOSX.platform/Developer/SDKs/MacOSX10.13.sdk",
            );
            SWIFT_VERSION = "4.0";
         };
         name = "Release";
      };
      "OBJ_63" = {
         isa = "PBXSourcesBuildPhase";
         files = (
            "OBJ_64",
         );
      };
      "OBJ_64" = {
         isa = "PBXBuildFile";
         fileRef = "OBJ_42";
      };
      "OBJ_66" = {
         isa = "XCConfigurationList";
         buildConfigurations = (
            "OBJ_67",
            "OBJ_68",
         );
         defaultConfigurationIsVisible = "0";
         defaultConfigurationName = "Debug";
      };
      "OBJ_67" = {
         isa = "XCBuildConfiguration";
         buildSettings = {
            LD = "/usr/bin/true";
            OTHER_SWIFT_FLAGS = (
               "-swift-version",
               "4",
               "-I",
               "/Applications/Xcode.app/Contents/Developer/Toolchains/XcodeDefault.xctoolchain/usr/lib/swift/pm/4",
               "-target",
               "x86_64-apple-macosx10.10",
               "-sdk",
               "/Applications/Xcode.app/Contents/Developer/Platforms/MacOSX.platform/Developer/SDKs/MacOSX10.13.sdk",
            );
            SWIFT_VERSION = "4.0";
         };
         name = "Debug";
      };
      "OBJ_68" = {
         isa = "XCBuildConfiguration";
         buildSettings = {
            LD = "/usr/bin/true";
            OTHER_SWIFT_FLAGS = (
               "-swift-version",
               "4",
               "-I",
               "/Applications/Xcode.app/Contents/Developer/Toolchains/XcodeDefault.xctoolchain/usr/lib/swift/pm/4",
               "-target",
               "x86_64-apple-macosx10.10",
               "-sdk",
               "/Applications/Xcode.app/Contents/Developer/Platforms/MacOSX.platform/Developer/SDKs/MacOSX10.13.sdk",
            );
            SWIFT_VERSION = "4.0";
         };
         name = "Release";
      };
      "OBJ_69" = {
         isa = "PBXSourcesBuildPhase";
         files = (
            "OBJ_70",
         );
      };
      "OBJ_7" = {
         isa = "PBXGroup";
         children = (
            "OBJ_8",
            "OBJ_17",
         );
         name = "Sources";
         path = "";
         sourceTree = "SOURCE_ROOT";
      };
      "OBJ_70" = {
         isa = "PBXBuildFile";
         fileRef = "OBJ_44";
      };
      "OBJ_72" = {
         isa = "XCConfigurationList";
         buildConfigurations = (
            "OBJ_73",
            "OBJ_74",
         );
         defaultConfigurationIsVisible = "0";
         defaultConfigurationName = "Debug";
      };
      "OBJ_73" = {
         isa = "XCBuildConfiguration";
         buildSettings = {
            FRAMEWORK_SEARCH_PATHS = (
               "$(inherited)",
               "$(PLATFORM_DIR)/Developer/Library/Frameworks",
            );
            HEADER_SEARCH_PATHS = (
               "$(inherited)",
            );
            INFOPLIST_FILE = "Srt2BilibiliKit.xcodeproj/Srt2Bilibili_cli_Info.plist";
            LD_RUNPATH_SEARCH_PATHS = (
               "$(TOOLCHAIN_DIR)/usr/lib/swift/macosx",
               "@executable_path",
            );
            OTHER_LDFLAGS = (
               "$(inherited)",
            );
            OTHER_SWIFT_FLAGS = (
               "$(inherited)",
            );
            SWIFT_FORCE_DYNAMIC_LINK_STDLIB = "YES";
            SWIFT_FORCE_STATIC_LINK_STDLIB = "NO";
            SWIFT_VERSION = "4.0";
            TARGET_NAME = "Srt2Bilibili-cli";
         };
         name = "Debug";
      };
      "OBJ_74" = {
         isa = "XCBuildConfiguration";
         buildSettings = {
            FRAMEWORK_SEARCH_PATHS = (
               "$(inherited)",
               "$(PLATFORM_DIR)/Developer/Library/Frameworks",
            );
            HEADER_SEARCH_PATHS = (
               "$(inherited)",
            );
            INFOPLIST_FILE = "Srt2BilibiliKit.xcodeproj/Srt2Bilibili_cli_Info.plist";
            LD_RUNPATH_SEARCH_PATHS = (
               "$(TOOLCHAIN_DIR)/usr/lib/swift/macosx",
               "@executable_path",
            );
            OTHER_LDFLAGS = (
               "$(inherited)",
            );
            OTHER_SWIFT_FLAGS = (
               "$(inherited)",
            );
            SWIFT_FORCE_DYNAMIC_LINK_STDLIB = "YES";
            SWIFT_FORCE_STATIC_LINK_STDLIB = "NO";
            SWIFT_VERSION = "4.0";
            TARGET_NAME = "Srt2Bilibili-cli";
         };
         name = "Release";
      };
      "OBJ_75" = {
         isa = "PBXSourcesBuildPhase";
         files = (
            "OBJ_76",
         );
      };
      "OBJ_76" = {
         isa = "PBXBuildFile";
         fileRef = "OBJ_18";
      };
      "OBJ_77" = {
         isa = "PBXFrameworksBuildPhase";
         files = (
            "OBJ_78",
            "OBJ_79",
            "OBJ_80",
         );
      };
      "OBJ_78" = {
         isa = "PBXBuildFile";
         fileRef = "swift_qrcodejs::swift_qrcodejs::Product";
      };
      "OBJ_79" = {
         isa = "PBXBuildFile";
         fileRef = "Srt2BilibiliKit::Srt2BilibiliKit::Product";
      };
      "OBJ_8" = {
         isa = "PBXGroup";
         children = (
            "OBJ_9",
            "OBJ_10",
            "OBJ_11",
            "OBJ_12",
            "OBJ_13",
            "OBJ_14",
            "OBJ_15",
            "OBJ_16",
         );
         name = "Srt2BilibiliKit";
         path = "Sources/Srt2BilibiliKit";
         sourceTree = "SOURCE_ROOT";
      };
      "OBJ_80" = {
         isa = "PBXBuildFile";
         fileRef = "BilibiliKit::BilibiliKit::Product";
      };
      "OBJ_81" = {
         isa = "PBXTargetDependency";
         target = "swift_qrcodejs::swift_qrcodejs";
      };
      "OBJ_83" = {
         isa = "PBXTargetDependency";
         target = "Srt2BilibiliKit::Srt2BilibiliKit";
      };
      "OBJ_85" = {
         isa = "PBXTargetDependency";
         target = "BilibiliKit::BilibiliKit";
      };
      "OBJ_87" = {
         isa = "XCConfigurationList";
         buildConfigurations = (
            "OBJ_88",
            "OBJ_89",
         );
         defaultConfigurationIsVisible = "0";
         defaultConfigurationName = "Debug";
      };
      "OBJ_88" = {
         isa = "XCBuildConfiguration";
         buildSettings = {
            ENABLE_TESTABILITY = "YES";
            FRAMEWORK_SEARCH_PATHS = (
               "$(inherited)",
               "$(PLATFORM_DIR)/Developer/Library/Frameworks",
            );
            HEADER_SEARCH_PATHS = (
               "$(inherited)",
            );
            INFOPLIST_FILE = "Srt2BilibiliKit.xcodeproj/swift_qrcodejs_Info.plist";
            LD_RUNPATH_SEARCH_PATHS = (
               "$(TOOLCHAIN_DIR)/usr/lib/swift/macosx",
            );
            OTHER_LDFLAGS = (
               "$(inherited)",
            );
            OTHER_SWIFT_FLAGS = (
               "$(inherited)",
            );
            PRODUCT_BUNDLE_IDENTIFIER = "swift-qrcodejs";
            PRODUCT_MODULE_NAME = "$(TARGET_NAME:c99extidentifier)";
            PRODUCT_NAME = "$(TARGET_NAME:c99extidentifier)";
            SKIP_INSTALL = "YES";
            SWIFT_VERSION = "4.0";
            TARGET_NAME = "swift_qrcodejs";
         };
         name = "Debug";
      };
      "OBJ_89" = {
         isa = "XCBuildConfiguration";
         buildSettings = {
            ENABLE_TESTABILITY = "YES";
            FRAMEWORK_SEARCH_PATHS = (
               "$(inherited)",
               "$(PLATFORM_DIR)/Developer/Library/Frameworks",
            );
            HEADER_SEARCH_PATHS = (
               "$(inherited)",
            );
            INFOPLIST_FILE = "Srt2BilibiliKit.xcodeproj/swift_qrcodejs_Info.plist";
            LD_RUNPATH_SEARCH_PATHS = (
               "$(TOOLCHAIN_DIR)/usr/lib/swift/macosx",
            );
            OTHER_LDFLAGS = (
               "$(inherited)",
            );
            OTHER_SWIFT_FLAGS = (
               "$(inherited)",
            );
            PRODUCT_BUNDLE_IDENTIFIER = "swift-qrcodejs";
            PRODUCT_MODULE_NAME = "$(TARGET_NAME:c99extidentifier)";
            PRODUCT_NAME = "$(TARGET_NAME:c99extidentifier)";
            SKIP_INSTALL = "YES";
            SWIFT_VERSION = "4.0";
            TARGET_NAME = "swift_qrcodejs";
         };
         name = "Release";
      };
      "OBJ_9" = {
         isa = "PBXFileReference";
         path = "S2B.swift";
         sourceTree = "<group>";
      };
      "OBJ_90" = {
         isa = "PBXSourcesBuildPhase";
         files = (
            "OBJ_91",
            "OBJ_92",
            "OBJ_93",
            "OBJ_94",
            "OBJ_95",
            "OBJ_96",
            "OBJ_97",
            "OBJ_98",
            "OBJ_99",
            "OBJ_100",
            "OBJ_101",
            "OBJ_102",
            "OBJ_103",
            "OBJ_104",
            "OBJ_105",
         );
      };
      "OBJ_91" = {
         isa = "PBXBuildFile";
         fileRef = "OBJ_26";
      };
      "OBJ_92" = {
         isa = "PBXBuildFile";
         fileRef = "OBJ_27";
      };
      "OBJ_93" = {
         isa = "PBXBuildFile";
         fileRef = "OBJ_28";
      };
      "OBJ_94" = {
         isa = "PBXBuildFile";
         fileRef = "OBJ_29";
      };
      "OBJ_95" = {
         isa = "PBXBuildFile";
         fileRef = "OBJ_30";
      };
      "OBJ_96" = {
         isa = "PBXBuildFile";
         fileRef = "OBJ_31";
      };
      "OBJ_97" = {
         isa = "PBXBuildFile";
         fileRef = "OBJ_32";
      };
      "OBJ_98" = {
         isa = "PBXBuildFile";
         fileRef = "OBJ_33";
      };
      "OBJ_99" = {
         isa = "PBXBuildFile";
         fileRef = "OBJ_34";
      };
      "Srt2BilibiliKit::Srt2Bilibili-cli" = {
         isa = "PBXNativeTarget";
         buildConfigurationList = "OBJ_72";
         buildPhases = (
            "OBJ_75",
            "OBJ_77",
         );
         dependencies = (
            "OBJ_81",
            "OBJ_83",
            "OBJ_85",
         );
         name = "Srt2Bilibili-cli";
         productName = "Srt2Bilibili_cli";
         productReference = "Srt2BilibiliKit::Srt2Bilibili-cli::Product";
         productType = "com.apple.product-type.tool";
      };
      "Srt2BilibiliKit::Srt2Bilibili-cli::Product" = {
         isa = "PBXFileReference";
         path = "Srt2Bilibili-cli";
         sourceTree = "BUILT_PRODUCTS_DIR";
      };
      "Srt2BilibiliKit::Srt2BilibiliKit" = {
         isa = "PBXNativeTarget";
         buildConfigurationList = "OBJ_118";
         buildPhases = (
            "OBJ_121",
            "OBJ_130",
         );
         dependencies = (
            "OBJ_132",
         );
         name = "Srt2BilibiliKit";
         productName = "Srt2BilibiliKit";
         productReference = "Srt2BilibiliKit::Srt2BilibiliKit::Product";
         productType = "com.apple.product-type.framework";
      };
      "Srt2BilibiliKit::Srt2BilibiliKit::Product" = {
         isa = "PBXFileReference";
         path = "Srt2BilibiliKit.framework";
         sourceTree = "BUILT_PRODUCTS_DIR";
      };
      "Srt2BilibiliKit::Srt2BilibiliKitPackageTests::ProductTarget" = {
         isa = "PBXAggregateTarget";
         buildConfigurationList = "OBJ_141";
         buildPhases = (
         );
         dependencies = (
            "OBJ_144",
         );
         name = "Srt2BilibiliKitPackageTests";
         productName = "Srt2BilibiliKitPackageTests";
      };
      "Srt2BilibiliKit::Srt2BilibiliKitTests" = {
         isa = "PBXNativeTarget";
         buildConfigurationList = "OBJ_108";
         buildPhases = (
            "OBJ_111",
            "OBJ_113",
         );
         dependencies = (
            "OBJ_116",
            "OBJ_117",
         );
         name = "Srt2BilibiliKitTests";
         productName = "Srt2BilibiliKitTests";
         productReference = "Srt2BilibiliKit::Srt2BilibiliKitTests::Product";
         productType = "com.apple.product-type.bundle.unit-test";
      };
      "Srt2BilibiliKit::Srt2BilibiliKitTests::Product" = {
         isa = "PBXFileReference";
         path = "Srt2BilibiliKitTests.xctest";
         sourceTree = "BUILT_PRODUCTS_DIR";
      };
      "Srt2BilibiliKit::SwiftPMPackageDescription" = {
         isa = "PBXNativeTarget";
         buildConfigurationList = "OBJ_54";
         buildPhases = (
            "OBJ_57",
         );
         dependencies = (
         );
         name = "Srt2BilibiliKitPackageDescription";
         productName = "Srt2BilibiliKitPackageDescription";
         productType = "com.apple.product-type.framework";
      };
      "swift_qrcodejs::SwiftPMPackageDescription" = {
         isa = "PBXNativeTarget";
         buildConfigurationList = "OBJ_60";
         buildPhases = (
            "OBJ_63",
         );
         dependencies = (
         );
         name = "swift_qrcodejsPackageDescription";
         productName = "swift_qrcodejsPackageDescription";
         productType = "com.apple.product-type.framework";
      };
      "swift_qrcodejs::swift_qrcodejs" = {
         isa = "PBXNativeTarget";
         buildConfigurationList = "OBJ_87";
         buildPhases = (
            "OBJ_90",
            "OBJ_106",
         );
         dependencies = (
         );
         name = "swift_qrcodejs";
         productName = "swift_qrcodejs";
         productReference = "swift_qrcodejs::swift_qrcodejs::Product";
         productType = "com.apple.product-type.framework";
      };
      "swift_qrcodejs::swift_qrcodejs::Product" = {
         isa = "PBXFileReference";
         path = "swift_qrcodejs.framework";
         sourceTree = "BUILT_PRODUCTS_DIR";
      };
   };
   rootObject = "OBJ_1";
}
