// !$*UTF8*$!
{
	archiveVersion = 1;
	classes = {
	};
	objectVersion = 46;
	objects = {

/* Begin PBXAggregateTarget section */
		"Srt2BilibiliKit::Srt2BilibiliKitPackageTests::ProductTarget" /* Srt2BilibiliKitPackageTests */ = {
			isa = PBXAggregateTarget;
			buildConfigurationList = OBJ_141 /* Build configuration list for PBXAggregateTarget "Srt2BilibiliKitPackageTests" */;
			buildPhases = (
			);
			dependencies = (
				OBJ_144 /* PBXTargetDependency */,
			);
			name = Srt2BilibiliKitPackageTests;
			productName = Srt2BilibiliKitPackageTests;
		};
/* End PBXAggregateTarget section */

/* Begin PBXBuildFile section */
		OBJ_100 /* QRMaskPattern.swift in Sources */ = {isa = PBXBuildFile; fileRef = OBJ_35 /* QRMaskPattern.swift */; };
		OBJ_101 /* QRMath.swift in Sources */ = {isa = PBXBuildFile; fileRef = OBJ_36 /* QRMath.swift */; };
		OBJ_102 /* QRMode.swift in Sources */ = {isa = PBXBuildFile; fileRef = OBJ_37 /* QRMode.swift */; };
		OBJ_103 /* QRPatternLocator.swift in Sources */ = {isa = PBXBuildFile; fileRef = OBJ_38 /* QRPatternLocator.swift */; };
		OBJ_104 /* QRPolynomial.swift in Sources */ = {isa = PBXBuildFile; fileRef = OBJ_39 /* QRPolynomial.swift */; };
		OBJ_105 /* QRRSBlock.swift in Sources */ = {isa = PBXBuildFile; fileRef = OBJ_40 /* QRRSBlock.swift */; };
		OBJ_112 /* Srt2BilibiliKitTests.swift in Sources */ = {isa = PBXBuildFile; fileRef = OBJ_21 /* Srt2BilibiliKitTests.swift */; };
		OBJ_114 /* Srt2BilibiliKit.framework in Frameworks */ = {isa = PBXBuildFile; fileRef = "Srt2BilibiliKit::Srt2BilibiliKit::Product" /* Srt2BilibiliKit.framework */; };
		OBJ_115 /* BilibiliKit.framework in Frameworks */ = {isa = PBXBuildFile; fileRef = "BilibiliKit::BilibiliKit::Product" /* BilibiliKit.framework */; };
		OBJ_122 /* S2B.swift in Sources */ = {isa = PBXBuildFile; fileRef = OBJ_9 /* S2B.swift */; };
		OBJ_123 /* S2BDanmaku.swift in Sources */ = {isa = PBXBuildFile; fileRef = OBJ_10 /* S2BDanmaku.swift */; };
		OBJ_124 /* S2BEmitter.swift in Sources */ = {isa = PBXBuildFile; fileRef = OBJ_11 /* S2BEmitter.swift */; };
		OBJ_125 /* S2BPostableDanmaku.swift in Sources */ = {isa = PBXBuildFile; fileRef = OBJ_12 /* S2BPostableDanmaku.swift */; };
		OBJ_126 /* S2BPostedDanmaku.swift in Sources */ = {isa = PBXBuildFile; fileRef = OBJ_13 /* S2BPostedDanmaku.swift */; };
		OBJ_127 /* S2BSubRipFile.swift in Sources */ = {isa = PBXBuildFile; fileRef = OBJ_14 /* S2BSubRipFile.swift */; };
		OBJ_128 /* S2BSubtitle.swift in Sources */ = {isa = PBXBuildFile; fileRef = OBJ_15 /* S2BSubtitle.swift */; };
		OBJ_129 /* S2BVideo.swift in Sources */ = {isa = PBXBuildFile; fileRef = OBJ_16 /* S2BVideo.swift */; };
		OBJ_131 /* BilibiliKit.framework in Frameworks */ = {isa = PBXBuildFile; fileRef = "BilibiliKit::BilibiliKit::Product" /* BilibiliKit.framework */; };
		OBJ_137 /* BKCookie.swift in Sources */ = {isa = PBXBuildFile; fileRef = OBJ_45 /* BKCookie.swift */; };
		OBJ_138 /* BKLogin.swift in Sources */ = {isa = PBXBuildFile; fileRef = OBJ_46 /* BKLogin.swift */; };
		OBJ_58 /* Package.swift in Sources */ = {isa = PBXBuildFile; fileRef = OBJ_6 /* Package.swift */; };
		OBJ_64 /* Package.swift in Sources */ = {isa = PBXBuildFile; fileRef = OBJ_42 /* Package.swift */; };
		OBJ_70 /* Package.swift in Sources */ = {isa = PBXBuildFile; fileRef = OBJ_44 /* Package.swift */; };
		OBJ_76 /* main.swift in Sources */ = {isa = PBXBuildFile; fileRef = OBJ_18 /* main.swift */; };
		OBJ_78 /* swift_qrcodejs.framework in Frameworks */ = {isa = PBXBuildFile; fileRef = "swift_qrcodejs::swift_qrcodejs::Product" /* swift_qrcodejs.framework */; };
		OBJ_79 /* Srt2BilibiliKit.framework in Frameworks */ = {isa = PBXBuildFile; fileRef = "Srt2BilibiliKit::Srt2BilibiliKit::Product" /* Srt2BilibiliKit.framework */; };
		OBJ_80 /* BilibiliKit.framework in Frameworks */ = {isa = PBXBuildFile; fileRef = "BilibiliKit::BilibiliKit::Product" /* BilibiliKit.framework */; };
		OBJ_91 /* BCHUtil.swift in Sources */ = {isa = PBXBuildFile; fileRef = OBJ_26 /* BCHUtil.swift */; };
		OBJ_92 /* Error.swift in Sources */ = {isa = PBXBuildFile; fileRef = OBJ_27 /* Error.swift */; };
		OBJ_93 /* QR8bitByte.swift in Sources */ = {isa = PBXBuildFile; fileRef = OBJ_28 /* QR8bitByte.swift */; };
		OBJ_94 /* QRBitBuffer.swift in Sources */ = {isa = PBXBuildFile; fileRef = OBJ_29 /* QRBitBuffer.swift */; };
		OBJ_95 /* QRCode.swift in Sources */ = {isa = PBXBuildFile; fileRef = OBJ_30 /* QRCode.swift */; };
		OBJ_96 /* QRCodeModel.swift in Sources */ = {isa = PBXBuildFile; fileRef = OBJ_31 /* QRCodeModel.swift */; };
		OBJ_97 /* QRCodeRenderer.swift in Sources */ = {isa = PBXBuildFile; fileRef = OBJ_32 /* QRCodeRenderer.swift */; };
		OBJ_98 /* QRCodeType.swift in Sources */ = {isa = PBXBuildFile; fileRef = OBJ_33 /* QRCodeType.swift */; };
		OBJ_99 /* QRErrorCorrectLevel.swift in Sources */ = {isa = PBXBuildFile; fileRef = OBJ_34 /* QRErrorCorrectLevel.swift */; };
/* End PBXBuildFile section */

/* Begin PBXContainerItemProxy section */
		52B3EE271FE21C0C004F4E23 /* PBXContainerItemProxy */ = {
			isa = PBXContainerItemProxy;
			containerPortal = OBJ_1 /* Project object */;
			proxyType = 1;
			remoteGlobalIDString = "swift_qrcodejs::swift_qrcodejs";
			remoteInfo = swift_qrcodejs;
		};
		52B3EE281FE21C0C004F4E23 /* PBXContainerItemProxy */ = {
			isa = PBXContainerItemProxy;
			containerPortal = OBJ_1 /* Project object */;
			proxyType = 1;
			remoteGlobalIDString = "Srt2BilibiliKit::Srt2BilibiliKit";
			remoteInfo = Srt2BilibiliKit;
		};
		52B3EE291FE21C0C004F4E23 /* PBXContainerItemProxy */ = {
			isa = PBXContainerItemProxy;
			containerPortal = OBJ_1 /* Project object */;
			proxyType = 1;
			remoteGlobalIDString = "BilibiliKit::BilibiliKit";
			remoteInfo = BilibiliKit;
		};
		52B3EE2A1FE21C0C004F4E23 /* PBXContainerItemProxy */ = {
			isa = PBXContainerItemProxy;
			containerPortal = OBJ_1 /* Project object */;
			proxyType = 1;
			remoteGlobalIDString = "BilibiliKit::BilibiliKit";
			remoteInfo = BilibiliKit;
		};
		52B3EE2B1FE21C0C004F4E23 /* PBXContainerItemProxy */ = {
			isa = PBXContainerItemProxy;
			containerPortal = OBJ_1 /* Project object */;
			proxyType = 1;
			remoteGlobalIDString = "Srt2BilibiliKit::Srt2BilibiliKit";
			remoteInfo = Srt2BilibiliKit;
		};
		52B3EE2C1FE21C0C004F4E23 /* PBXContainerItemProxy */ = {
			isa = PBXContainerItemProxy;
			containerPortal = OBJ_1 /* Project object */;
			proxyType = 1;
			remoteGlobalIDString = "BilibiliKit::BilibiliKit";
			remoteInfo = BilibiliKit;
		};
		52B3EE2D1FE21C0D004F4E23 /* PBXContainerItemProxy */ = {
			isa = PBXContainerItemProxy;
			containerPortal = OBJ_1 /* Project object */;
			proxyType = 1;
			remoteGlobalIDString = "Srt2BilibiliKit::Srt2BilibiliKitTests";
			remoteInfo = Srt2BilibiliKitTests;
		};
/* End PBXContainerItemProxy section */

/* Begin PBXFileReference section */
		"BilibiliKit::BilibiliKit::Product" /* BilibiliKit.framework */ = {isa = PBXFileReference; explicitFileType = wrapper.framework; path = BilibiliKit.framework; sourceTree = BUILT_PRODUCTS_DIR; };
		OBJ_10 /* S2BDanmaku.swift */ = {isa = PBXFileReference; lastKnownFileType = sourcecode.swift; path = S2BDanmaku.swift; sourceTree = "<group>"; };
		OBJ_11 /* S2BEmitter.swift */ = {isa = PBXFileReference; lastKnownFileType = sourcecode.swift; path = S2BEmitter.swift; sourceTree = "<group>"; };
		OBJ_12 /* S2BPostableDanmaku.swift */ = {isa = PBXFileReference; lastKnownFileType = sourcecode.swift; path = S2BPostableDanmaku.swift; sourceTree = "<group>"; };
		OBJ_13 /* S2BPostedDanmaku.swift */ = {isa = PBXFileReference; lastKnownFileType = sourcecode.swift; path = S2BPostedDanmaku.swift; sourceTree = "<group>"; };
		OBJ_14 /* S2BSubRipFile.swift */ = {isa = PBXFileReference; lastKnownFileType = sourcecode.swift; path = S2BSubRipFile.swift; sourceTree = "<group>"; };
		OBJ_15 /* S2BSubtitle.swift */ = {isa = PBXFileReference; lastKnownFileType = sourcecode.swift; path = S2BSubtitle.swift; sourceTree = "<group>"; };
		OBJ_16 /* S2BVideo.swift */ = {isa = PBXFileReference; lastKnownFileType = sourcecode.swift; path = S2BVideo.swift; sourceTree = "<group>"; };
		OBJ_18 /* main.swift */ = {isa = PBXFileReference; lastKnownFileType = sourcecode.swift; path = main.swift; sourceTree = "<group>"; };
		OBJ_21 /* Srt2BilibiliKitTests.swift */ = {isa = PBXFileReference; lastKnownFileType = sourcecode.swift; path = Srt2BilibiliKitTests.swift; sourceTree = "<group>"; };
		OBJ_22 /* sh */ = {isa = PBXFileReference; lastKnownFileType = folder; path = sh; sourceTree = SOURCE_ROOT; };
		OBJ_26 /* BCHUtil.swift */ = {isa = PBXFileReference; lastKnownFileType = sourcecode.swift; path = BCHUtil.swift; sourceTree = "<group>"; };
		OBJ_27 /* Error.swift */ = {isa = PBXFileReference; lastKnownFileType = sourcecode.swift; path = Error.swift; sourceTree = "<group>"; };
		OBJ_28 /* QR8bitByte.swift */ = {isa = PBXFileReference; lastKnownFileType = sourcecode.swift; path = QR8bitByte.swift; sourceTree = "<group>"; };
		OBJ_29 /* QRBitBuffer.swift */ = {isa = PBXFileReference; lastKnownFileType = sourcecode.swift; path = QRBitBuffer.swift; sourceTree = "<group>"; };
		OBJ_30 /* QRCode.swift */ = {isa = PBXFileReference; lastKnownFileType = sourcecode.swift; path = QRCode.swift; sourceTree = "<group>"; };
		OBJ_31 /* QRCodeModel.swift */ = {isa = PBXFileReference; lastKnownFileType = sourcecode.swift; path = QRCodeModel.swift; sourceTree = "<group>"; };
		OBJ_32 /* QRCodeRenderer.swift */ = {isa = PBXFileReference; lastKnownFileType = sourcecode.swift; path = QRCodeRenderer.swift; sourceTree = "<group>"; };
		OBJ_33 /* QRCodeType.swift */ = {isa = PBXFileReference; lastKnownFileType = sourcecode.swift; path = QRCodeType.swift; sourceTree = "<group>"; };
		OBJ_34 /* QRErrorCorrectLevel.swift */ = {isa = PBXFileReference; lastKnownFileType = sourcecode.swift; path = QRErrorCorrectLevel.swift; sourceTree = "<group>"; };
		OBJ_35 /* QRMaskPattern.swift */ = {isa = PBXFileReference; lastKnownFileType = sourcecode.swift; path = QRMaskPattern.swift; sourceTree = "<group>"; };
		OBJ_36 /* QRMath.swift */ = {isa = PBXFileReference; lastKnownFileType = sourcecode.swift; path = QRMath.swift; sourceTree = "<group>"; };
		OBJ_37 /* QRMode.swift */ = {isa = PBXFileReference; lastKnownFileType = sourcecode.swift; path = QRMode.swift; sourceTree = "<group>"; };
		OBJ_38 /* QRPatternLocator.swift */ = {isa = PBXFileReference; lastKnownFileType = sourcecode.swift; path = QRPatternLocator.swift; sourceTree = "<group>"; };
		OBJ_39 /* QRPolynomial.swift */ = {isa = PBXFileReference; lastKnownFileType = sourcecode.swift; path = QRPolynomial.swift; sourceTree = "<group>"; };
		OBJ_40 /* QRRSBlock.swift */ = {isa = PBXFileReference; lastKnownFileType = sourcecode.swift; path = QRRSBlock.swift; sourceTree = "<group>"; };
		OBJ_42 /* Package.swift */ = {isa = PBXFileReference; explicitFileType = sourcecode.swift; name = Package.swift; path = "/Users/Apollonian/Documents/Git-Repo/Srt2BilibiliKit/.build/checkouts/swift_qrcodejs--3118771489649426200/Package.swift"; sourceTree = "<group>"; };
		OBJ_44 /* Package.swift */ = {isa = PBXFileReference; explicitFileType = sourcecode.swift; name = Package.swift; path = "/Users/Apollonian/Documents/Git-Repo/Srt2BilibiliKit/.build/checkouts/BilibiliKit-9099041423531033350/Package.swift"; sourceTree = "<group>"; };
		OBJ_45 /* BKCookie.swift */ = {isa = PBXFileReference; lastKnownFileType = sourcecode.swift; path = BKCookie.swift; sourceTree = "<group>"; };
		OBJ_46 /* BKLogin.swift */ = {isa = PBXFileReference; lastKnownFileType = sourcecode.swift; path = BKLogin.swift; sourceTree = "<group>"; };
		OBJ_6 /* Package.swift */ = {isa = PBXFileReference; explicitFileType = sourcecode.swift; path = Package.swift; sourceTree = "<group>"; };
		OBJ_9 /* S2B.swift */ = {isa = PBXFileReference; lastKnownFileType = sourcecode.swift; path = S2B.swift; sourceTree = "<group>"; };
		"Srt2BilibiliKit::Srt2Bilibili-cli::Product" /* Srt2Bilibili-cli */ = {isa = PBXFileReference; lastKnownFileType = text; path = "Srt2Bilibili-cli"; sourceTree = BUILT_PRODUCTS_DIR; };
		"Srt2BilibiliKit::Srt2BilibiliKit::Product" /* Srt2BilibiliKit.framework */ = {isa = PBXFileReference; explicitFileType = wrapper.framework; path = Srt2BilibiliKit.framework; sourceTree = BUILT_PRODUCTS_DIR; };
		"Srt2BilibiliKit::Srt2BilibiliKitTests::Product" /* Srt2BilibiliKitTests.xctest */ = {isa = PBXFileReference; lastKnownFileType = file; path = Srt2BilibiliKitTests.xctest; sourceTree = BUILT_PRODUCTS_DIR; };
		"swift_qrcodejs::swift_qrcodejs::Product" /* swift_qrcodejs.framework */ = {isa = PBXFileReference; explicitFileType = wrapper.framework; path = swift_qrcodejs.framework; sourceTree = BUILT_PRODUCTS_DIR; };
/* End PBXFileReference section */

/* Begin PBXFrameworksBuildPhase section */
		OBJ_106 /* Frameworks */ = {
			isa = PBXFrameworksBuildPhase;
			buildActionMask = 0;
			files = (
			);
			runOnlyForDeploymentPostprocessing = 0;
		};
		OBJ_113 /* Frameworks */ = {
			isa = PBXFrameworksBuildPhase;
			buildActionMask = 0;
			files = (
				OBJ_114 /* Srt2BilibiliKit.framework in Frameworks */,
				OBJ_115 /* BilibiliKit.framework in Frameworks */,
			);
			runOnlyForDeploymentPostprocessing = 0;
		};
		OBJ_130 /* Frameworks */ = {
			isa = PBXFrameworksBuildPhase;
			buildActionMask = 0;
			files = (
				OBJ_131 /* BilibiliKit.framework in Frameworks */,
			);
			runOnlyForDeploymentPostprocessing = 0;
		};
		OBJ_139 /* Frameworks */ = {
			isa = PBXFrameworksBuildPhase;
			buildActionMask = 0;
			files = (
			);
			runOnlyForDeploymentPostprocessing = 0;
		};
		OBJ_77 /* Frameworks */ = {
			isa = PBXFrameworksBuildPhase;
			buildActionMask = 0;
			files = (
				OBJ_78 /* swift_qrcodejs.framework in Frameworks */,
				OBJ_79 /* Srt2BilibiliKit.framework in Frameworks */,
				OBJ_80 /* BilibiliKit.framework in Frameworks */,
			);
			runOnlyForDeploymentPostprocessing = 0;
		};
/* End PBXFrameworksBuildPhase section */

/* Begin PBXGroup section */
		OBJ_17 /* Srt2Bilibili-cli */ = {
			isa = PBXGroup;
			children = (
				OBJ_18 /* main.swift */,
			);
			name = "Srt2Bilibili-cli";
			path = "Sources/Srt2Bilibili-cli";
			sourceTree = SOURCE_ROOT;
		};
		OBJ_19 /* Tests */ = {
			isa = PBXGroup;
			children = (
				OBJ_20 /* Srt2BilibiliKitTests */,
			);
			name = Tests;
			sourceTree = SOURCE_ROOT;
		};
		OBJ_20 /* Srt2BilibiliKitTests */ = {
			isa = PBXGroup;
			children = (
				OBJ_21 /* Srt2BilibiliKitTests.swift */,
			);
			name = Srt2BilibiliKitTests;
			path = Tests/Srt2BilibiliKitTests;
			sourceTree = SOURCE_ROOT;
		};
		OBJ_23 /* Dependencies */ = {
			isa = PBXGroup;
			children = (
				OBJ_24 /* swift_qrcodejs */,
				OBJ_43 /* BilibiliKit */,
			);
			name = Dependencies;
			sourceTree = "<group>";
		};
		OBJ_24 /* swift_qrcodejs */ = {
			isa = PBXGroup;
			children = (
				OBJ_25 /* swift_qrcodejs */,
				OBJ_41 /* swift_qrcodejs-cli */,
				OBJ_42 /* Package.swift */,
			);
			name = swift_qrcodejs;
			sourceTree = SOURCE_ROOT;
		};
		OBJ_25 /* swift_qrcodejs */ = {
			isa = PBXGroup;
			children = (
				OBJ_26 /* BCHUtil.swift */,
				OBJ_27 /* Error.swift */,
				OBJ_28 /* QR8bitByte.swift */,
				OBJ_29 /* QRBitBuffer.swift */,
				OBJ_30 /* QRCode.swift */,
				OBJ_31 /* QRCodeModel.swift */,
				OBJ_32 /* QRCodeRenderer.swift */,
				OBJ_33 /* QRCodeType.swift */,
				OBJ_34 /* QRErrorCorrectLevel.swift */,
				OBJ_35 /* QRMaskPattern.swift */,
				OBJ_36 /* QRMath.swift */,
				OBJ_37 /* QRMode.swift */,
				OBJ_38 /* QRPatternLocator.swift */,
				OBJ_39 /* QRPolynomial.swift */,
				OBJ_40 /* QRRSBlock.swift */,
			);
			name = swift_qrcodejs;
			path = ".build/checkouts/swift_qrcodejs--3118771489649426200/Sources";
			sourceTree = SOURCE_ROOT;
		};
		OBJ_41 /* swift_qrcodejs-cli */ = {
			isa = PBXGroup;
			children = (
			);
			name = "swift_qrcodejs-cli";
			path = ".build/checkouts/swift_qrcodejs--3118771489649426200/Example";
			sourceTree = SOURCE_ROOT;
		};
		OBJ_43 /* BilibiliKit */ = {
			isa = PBXGroup;
			children = (
				OBJ_44 /* Package.swift */,
				OBJ_45 /* BKCookie.swift */,
				OBJ_46 /* BKLogin.swift */,
			);
			name = BilibiliKit;
			path = ".build/checkouts/BilibiliKit-9099041423531033350/Sources";
			sourceTree = SOURCE_ROOT;
		};
		OBJ_47 /* Products */ = {
			isa = PBXGroup;
			children = (
				"Srt2BilibiliKit::Srt2Bilibili-cli::Product" /* Srt2Bilibili-cli */,
				"swift_qrcodejs::swift_qrcodejs::Product" /* swift_qrcodejs.framework */,
				"Srt2BilibiliKit::Srt2BilibiliKitTests::Product" /* Srt2BilibiliKitTests.xctest */,
				"Srt2BilibiliKit::Srt2BilibiliKit::Product" /* Srt2BilibiliKit.framework */,
				"BilibiliKit::BilibiliKit::Product" /* BilibiliKit.framework */,
			);
			name = Products;
			sourceTree = BUILT_PRODUCTS_DIR;
		};
		OBJ_5 /*  */ = {
			isa = PBXGroup;
			children = (
				OBJ_6 /* Package.swift */,
				OBJ_7 /* Sources */,
				OBJ_19 /* Tests */,
				OBJ_22 /* sh */,
				OBJ_23 /* Dependencies */,
				OBJ_47 /* Products */,
			);
			name = "";
			sourceTree = "<group>";
		};
		OBJ_7 /* Sources */ = {
			isa = PBXGroup;
			children = (
				OBJ_8 /* Srt2BilibiliKit */,
				OBJ_17 /* Srt2Bilibili-cli */,
			);
			name = Sources;
			sourceTree = SOURCE_ROOT;
		};
		OBJ_8 /* Srt2BilibiliKit */ = {
			isa = PBXGroup;
			children = (
				OBJ_9 /* S2B.swift */,
				OBJ_10 /* S2BDanmaku.swift */,
				OBJ_11 /* S2BEmitter.swift */,
				OBJ_12 /* S2BPostableDanmaku.swift */,
				OBJ_13 /* S2BPostedDanmaku.swift */,
				OBJ_14 /* S2BSubRipFile.swift */,
				OBJ_15 /* S2BSubtitle.swift */,
				OBJ_16 /* S2BVideo.swift */,
			);
			name = Srt2BilibiliKit;
			path = Sources/Srt2BilibiliKit;
			sourceTree = SOURCE_ROOT;
		};
/* End PBXGroup section */

/* Begin PBXNativeTarget section */
		"BilibiliKit::BilibiliKit" /* BilibiliKit */ = {
			isa = PBXNativeTarget;
			buildConfigurationList = OBJ_133 /* Build configuration list for PBXNativeTarget "BilibiliKit" */;
			buildPhases = (
				OBJ_136 /* Sources */,
				OBJ_139 /* Frameworks */,
			);
			buildRules = (
			);
			dependencies = (
			);
			name = BilibiliKit;
			productName = BilibiliKit;
			productReference = "BilibiliKit::BilibiliKit::Product" /* BilibiliKit.framework */;
			productType = "com.apple.product-type.framework";
		};
		"BilibiliKit::SwiftPMPackageDescription" /* BilibiliKitPackageDescription */ = {
			isa = PBXNativeTarget;
			buildConfigurationList = OBJ_66 /* Build configuration list for PBXNativeTarget "BilibiliKitPackageDescription" */;
			buildPhases = (
				OBJ_69 /* Sources */,
			);
			buildRules = (
			);
			dependencies = (
			);
			name = BilibiliKitPackageDescription;
			productName = BilibiliKitPackageDescription;
			productType = "com.apple.product-type.framework";
		};
		"Srt2BilibiliKit::Srt2Bilibili-cli" /* Srt2Bilibili-cli */ = {
			isa = PBXNativeTarget;
			buildConfigurationList = OBJ_72 /* Build configuration list for PBXNativeTarget "Srt2Bilibili-cli" */;
			buildPhases = (
				OBJ_75 /* Sources */,
				OBJ_77 /* Frameworks */,
			);
			buildRules = (
			);
			dependencies = (
				OBJ_81 /* PBXTargetDependency */,
				OBJ_83 /* PBXTargetDependency */,
				OBJ_85 /* PBXTargetDependency */,
			);
			name = "Srt2Bilibili-cli";
			productName = Srt2Bilibili_cli;
			productReference = "Srt2BilibiliKit::Srt2Bilibili-cli::Product" /* Srt2Bilibili-cli */;
			productType = "com.apple.product-type.tool";
		};
		"Srt2BilibiliKit::Srt2BilibiliKit" /* Srt2BilibiliKit */ = {
			isa = PBXNativeTarget;
			buildConfigurationList = OBJ_118 /* Build configuration list for PBXNativeTarget "Srt2BilibiliKit" */;
			buildPhases = (
				OBJ_121 /* Sources */,
				OBJ_130 /* Frameworks */,
			);
			buildRules = (
			);
			dependencies = (
				OBJ_132 /* PBXTargetDependency */,
			);
			name = Srt2BilibiliKit;
			productName = Srt2BilibiliKit;
			productReference = "Srt2BilibiliKit::Srt2BilibiliKit::Product" /* Srt2BilibiliKit.framework */;
			productType = "com.apple.product-type.framework";
		};
		"Srt2BilibiliKit::Srt2BilibiliKitTests" /* Srt2BilibiliKitTests */ = {
			isa = PBXNativeTarget;
			buildConfigurationList = OBJ_108 /* Build configuration list for PBXNativeTarget "Srt2BilibiliKitTests" */;
			buildPhases = (
				OBJ_111 /* Sources */,
				OBJ_113 /* Frameworks */,
			);
			buildRules = (
			);
			dependencies = (
				OBJ_116 /* PBXTargetDependency */,
				OBJ_117 /* PBXTargetDependency */,
			);
			name = Srt2BilibiliKitTests;
			productName = Srt2BilibiliKitTests;
			productReference = "Srt2BilibiliKit::Srt2BilibiliKitTests::Product" /* Srt2BilibiliKitTests.xctest */;
			productType = "com.apple.product-type.bundle.unit-test";
		};
		"Srt2BilibiliKit::SwiftPMPackageDescription" /* Srt2BilibiliKitPackageDescription */ = {
			isa = PBXNativeTarget;
			buildConfigurationList = OBJ_54 /* Build configuration list for PBXNativeTarget "Srt2BilibiliKitPackageDescription" */;
			buildPhases = (
				OBJ_57 /* Sources */,
			);
			buildRules = (
			);
			dependencies = (
			);
			name = Srt2BilibiliKitPackageDescription;
			productName = Srt2BilibiliKitPackageDescription;
			productType = "com.apple.product-type.framework";
		};
		"swift_qrcodejs::SwiftPMPackageDescription" /* swift_qrcodejsPackageDescription */ = {
			isa = PBXNativeTarget;
			buildConfigurationList = OBJ_60 /* Build configuration list for PBXNativeTarget "swift_qrcodejsPackageDescription" */;
			buildPhases = (
				OBJ_63 /* Sources */,
			);
			buildRules = (
			);
			dependencies = (
			);
			name = swift_qrcodejsPackageDescription;
			productName = swift_qrcodejsPackageDescription;
			productType = "com.apple.product-type.framework";
		};
		"swift_qrcodejs::swift_qrcodejs" /* swift_qrcodejs */ = {
			isa = PBXNativeTarget;
			buildConfigurationList = OBJ_87 /* Build configuration list for PBXNativeTarget "swift_qrcodejs" */;
			buildPhases = (
				OBJ_90 /* Sources */,
				OBJ_106 /* Frameworks */,
			);
			buildRules = (
			);
			dependencies = (
			);
			name = swift_qrcodejs;
			productName = swift_qrcodejs;
			productReference = "swift_qrcodejs::swift_qrcodejs::Product" /* swift_qrcodejs.framework */;
			productType = "com.apple.product-type.framework";
		};
/* End PBXNativeTarget section */

/* Begin PBXProject section */
		OBJ_1 /* Project object */ = {
			isa = PBXProject;
			attributes = {
				LastUpgradeCheck = 9999;
			};
			buildConfigurationList = OBJ_2 /* Build configuration list for PBXProject "Srt2BilibiliKit" */;
			compatibilityVersion = "Xcode 3.2";
			developmentRegion = English;
			hasScannedForEncodings = 0;
			knownRegions = (
				en,
			);
			mainGroup = OBJ_5 /*  */;
			productRefGroup = OBJ_47 /* Products */;
			projectDirPath = "";
			projectRoot = "";
			targets = (
				"Srt2BilibiliKit::SwiftPMPackageDescription" /* Srt2BilibiliKitPackageDescription */,
				"swift_qrcodejs::SwiftPMPackageDescription" /* swift_qrcodejsPackageDescription */,
				"BilibiliKit::SwiftPMPackageDescription" /* BilibiliKitPackageDescription */,
				"Srt2BilibiliKit::Srt2Bilibili-cli" /* Srt2Bilibili-cli */,
				"swift_qrcodejs::swift_qrcodejs" /* swift_qrcodejs */,
				"Srt2BilibiliKit::Srt2BilibiliKitTests" /* Srt2BilibiliKitTests */,
				"Srt2BilibiliKit::Srt2BilibiliKit" /* Srt2BilibiliKit */,
				"BilibiliKit::BilibiliKit" /* BilibiliKit */,
				"Srt2BilibiliKit::Srt2BilibiliKitPackageTests::ProductTarget" /* Srt2BilibiliKitPackageTests */,
			);
		};
/* End PBXProject section */

/* Begin PBXSourcesBuildPhase section */
		OBJ_111 /* Sources */ = {
			isa = PBXSourcesBuildPhase;
			buildActionMask = 0;
			files = (
				OBJ_112 /* Srt2BilibiliKitTests.swift in Sources */,
			);
			runOnlyForDeploymentPostprocessing = 0;
		};
		OBJ_121 /* Sources */ = {
			isa = PBXSourcesBuildPhase;
			buildActionMask = 0;
			files = (
				OBJ_122 /* S2B.swift in Sources */,
				OBJ_123 /* S2BDanmaku.swift in Sources */,
				OBJ_124 /* S2BEmitter.swift in Sources */,
				OBJ_125 /* S2BPostableDanmaku.swift in Sources */,
				OBJ_126 /* S2BPostedDanmaku.swift in Sources */,
				OBJ_127 /* S2BSubRipFile.swift in Sources */,
				OBJ_128 /* S2BSubtitle.swift in Sources */,
				OBJ_129 /* S2BVideo.swift in Sources */,
			);
			runOnlyForDeploymentPostprocessing = 0;
		};
		OBJ_136 /* Sources */ = {
			isa = PBXSourcesBuildPhase;
			buildActionMask = 0;
			files = (
				OBJ_137 /* BKCookie.swift in Sources */,
				OBJ_138 /* BKLogin.swift in Sources */,
			);
			runOnlyForDeploymentPostprocessing = 0;
		};
		OBJ_57 /* Sources */ = {
			isa = PBXSourcesBuildPhase;
			buildActionMask = 0;
			files = (
				OBJ_58 /* Package.swift in Sources */,
			);
			runOnlyForDeploymentPostprocessing = 0;
		};
		OBJ_63 /* Sources */ = {
			isa = PBXSourcesBuildPhase;
			buildActionMask = 0;
			files = (
				OBJ_64 /* Package.swift in Sources */,
			);
			runOnlyForDeploymentPostprocessing = 0;
		};
		OBJ_69 /* Sources */ = {
			isa = PBXSourcesBuildPhase;
			buildActionMask = 0;
			files = (
				OBJ_70 /* Package.swift in Sources */,
			);
			runOnlyForDeploymentPostprocessing = 0;
		};
		OBJ_75 /* Sources */ = {
			isa = PBXSourcesBuildPhase;
			buildActionMask = 0;
			files = (
				OBJ_76 /* main.swift in Sources */,
			);
			runOnlyForDeploymentPostprocessing = 0;
		};
		OBJ_90 /* Sources */ = {
			isa = PBXSourcesBuildPhase;
			buildActionMask = 0;
			files = (
				OBJ_91 /* BCHUtil.swift in Sources */,
				OBJ_92 /* Error.swift in Sources */,
				OBJ_93 /* QR8bitByte.swift in Sources */,
				OBJ_94 /* QRBitBuffer.swift in Sources */,
				OBJ_95 /* QRCode.swift in Sources */,
				OBJ_96 /* QRCodeModel.swift in Sources */,
				OBJ_97 /* QRCodeRenderer.swift in Sources */,
				OBJ_98 /* QRCodeType.swift in Sources */,
				OBJ_99 /* QRErrorCorrectLevel.swift in Sources */,
				OBJ_100 /* QRMaskPattern.swift in Sources */,
				OBJ_101 /* QRMath.swift in Sources */,
				OBJ_102 /* QRMode.swift in Sources */,
				OBJ_103 /* QRPatternLocator.swift in Sources */,
				OBJ_104 /* QRPolynomial.swift in Sources */,
				OBJ_105 /* QRRSBlock.swift in Sources */,
			);
			runOnlyForDeploymentPostprocessing = 0;
		};
/* End PBXSourcesBuildPhase section */

/* Begin PBXTargetDependency section */
		OBJ_116 /* PBXTargetDependency */ = {
			isa = PBXTargetDependency;
			target = "Srt2BilibiliKit::Srt2BilibiliKit" /* Srt2BilibiliKit */;
			targetProxy = 52B3EE2B1FE21C0C004F4E23 /* PBXContainerItemProxy */;
		};
		OBJ_117 /* PBXTargetDependency */ = {
			isa = PBXTargetDependency;
			target = "BilibiliKit::BilibiliKit" /* BilibiliKit */;
			targetProxy = 52B3EE2C1FE21C0C004F4E23 /* PBXContainerItemProxy */;
		};
		OBJ_132 /* PBXTargetDependency */ = {
			isa = PBXTargetDependency;
			target = "BilibiliKit::BilibiliKit" /* BilibiliKit */;
			targetProxy = 52B3EE291FE21C0C004F4E23 /* PBXContainerItemProxy */;
		};
		OBJ_144 /* PBXTargetDependency */ = {
			isa = PBXTargetDependency;
			target = "Srt2BilibiliKit::Srt2BilibiliKitTests" /* Srt2BilibiliKitTests */;
			targetProxy = 52B3EE2D1FE21C0D004F4E23 /* PBXContainerItemProxy */;
		};
		OBJ_81 /* PBXTargetDependency */ = {
			isa = PBXTargetDependency;
			target = "swift_qrcodejs::swift_qrcodejs" /* swift_qrcodejs */;
			targetProxy = 52B3EE271FE21C0C004F4E23 /* PBXContainerItemProxy */;
		};
		OBJ_83 /* PBXTargetDependency */ = {
			isa = PBXTargetDependency;
			target = "Srt2BilibiliKit::Srt2BilibiliKit" /* Srt2BilibiliKit */;
			targetProxy = 52B3EE281FE21C0C004F4E23 /* PBXContainerItemProxy */;
		};
		OBJ_85 /* PBXTargetDependency */ = {
			isa = PBXTargetDependency;
			target = "BilibiliKit::BilibiliKit" /* BilibiliKit */;
			targetProxy = 52B3EE2A1FE21C0C004F4E23 /* PBXContainerItemProxy */;
		};
/* End PBXTargetDependency section */

/* Begin XCBuildConfiguration section */
		OBJ_109 /* Debug */ = {
			isa = XCBuildConfiguration;
			buildSettings = {
				EMBEDDED_CONTENT_CONTAINS_SWIFT = YES;
				FRAMEWORK_SEARCH_PATHS = (
					"$(inherited)",
					"$(PLATFORM_DIR)/Developer/Library/Frameworks",
				);
				HEADER_SEARCH_PATHS = "$(inherited)";
				INFOPLIST_FILE = Srt2BilibiliKit.xcodeproj/Srt2BilibiliKitTests_Info.plist;
				LD_RUNPATH_SEARCH_PATHS = "@loader_path/../Frameworks @loader_path/Frameworks";
				OTHER_LDFLAGS = "$(inherited)";
				OTHER_SWIFT_FLAGS = "$(inherited)";
				SWIFT_VERSION = 4.0;
				TARGET_NAME = Srt2BilibiliKitTests;
			};
			name = Debug;
		};
		OBJ_110 /* Release */ = {
			isa = XCBuildConfiguration;
			buildSettings = {
				EMBEDDED_CONTENT_CONTAINS_SWIFT = YES;
				FRAMEWORK_SEARCH_PATHS = (
					"$(inherited)",
					"$(PLATFORM_DIR)/Developer/Library/Frameworks",
				);
				HEADER_SEARCH_PATHS = "$(inherited)";
				INFOPLIST_FILE = Srt2BilibiliKit.xcodeproj/Srt2BilibiliKitTests_Info.plist;
				LD_RUNPATH_SEARCH_PATHS = "@loader_path/../Frameworks @loader_path/Frameworks";
				OTHER_LDFLAGS = "$(inherited)";
				OTHER_SWIFT_FLAGS = "$(inherited)";
				SWIFT_VERSION = 4.0;
				TARGET_NAME = Srt2BilibiliKitTests;
			};
			name = Release;
		};
		OBJ_119 /* Debug */ = {
			isa = XCBuildConfiguration;
			buildSettings = {
				ENABLE_TESTABILITY = YES;
				FRAMEWORK_SEARCH_PATHS = (
					"$(inherited)",
					"$(PLATFORM_DIR)/Developer/Library/Frameworks",
				);
				HEADER_SEARCH_PATHS = "$(inherited)";
				INFOPLIST_FILE = Srt2BilibiliKit.xcodeproj/Srt2BilibiliKit_Info.plist;
				LD_RUNPATH_SEARCH_PATHS = "$(TOOLCHAIN_DIR)/usr/lib/swift/macosx";
				OTHER_LDFLAGS = "$(inherited)";
				OTHER_SWIFT_FLAGS = "$(inherited)";
				PRODUCT_BUNDLE_IDENTIFIER = Srt2BilibiliKit;
				PRODUCT_MODULE_NAME = "$(TARGET_NAME:c99extidentifier)";
				PRODUCT_NAME = "$(TARGET_NAME:c99extidentifier)";
				SKIP_INSTALL = YES;
				SWIFT_VERSION = 4.0;
				TARGET_NAME = Srt2BilibiliKit;
			};
			name = Debug;
		};
		OBJ_120 /* Release */ = {
			isa = XCBuildConfiguration;
			buildSettings = {
				ENABLE_TESTABILITY = YES;
				FRAMEWORK_SEARCH_PATHS = (
					"$(inherited)",
					"$(PLATFORM_DIR)/Developer/Library/Frameworks",
				);
				HEADER_SEARCH_PATHS = "$(inherited)";
				INFOPLIST_FILE = Srt2BilibiliKit.xcodeproj/Srt2BilibiliKit_Info.plist;
				LD_RUNPATH_SEARCH_PATHS = "$(TOOLCHAIN_DIR)/usr/lib/swift/macosx";
				OTHER_LDFLAGS = "$(inherited)";
				OTHER_SWIFT_FLAGS = "$(inherited)";
				PRODUCT_BUNDLE_IDENTIFIER = Srt2BilibiliKit;
				PRODUCT_MODULE_NAME = "$(TARGET_NAME:c99extidentifier)";
				PRODUCT_NAME = "$(TARGET_NAME:c99extidentifier)";
				SKIP_INSTALL = YES;
				SWIFT_VERSION = 4.0;
				TARGET_NAME = Srt2BilibiliKit;
			};
			name = Release;
		};
		OBJ_134 /* Debug */ = {
			isa = XCBuildConfiguration;
			buildSettings = {
				ENABLE_TESTABILITY = YES;
				FRAMEWORK_SEARCH_PATHS = (
					"$(inherited)",
					"$(PLATFORM_DIR)/Developer/Library/Frameworks",
				);
				HEADER_SEARCH_PATHS = "$(inherited)";
				INFOPLIST_FILE = Srt2BilibiliKit.xcodeproj/BilibiliKit_Info.plist;
				LD_RUNPATH_SEARCH_PATHS = "$(TOOLCHAIN_DIR)/usr/lib/swift/macosx";
				OTHER_LDFLAGS = "$(inherited)";
				OTHER_SWIFT_FLAGS = "$(inherited)";
				PRODUCT_BUNDLE_IDENTIFIER = BilibiliKit;
				PRODUCT_MODULE_NAME = "$(TARGET_NAME:c99extidentifier)";
				PRODUCT_NAME = "$(TARGET_NAME:c99extidentifier)";
				SKIP_INSTALL = YES;
				SWIFT_VERSION = 4.0;
				TARGET_NAME = BilibiliKit;
			};
			name = Debug;
		};
		OBJ_135 /* Release */ = {
			isa = XCBuildConfiguration;
			buildSettings = {
				ENABLE_TESTABILITY = YES;
				FRAMEWORK_SEARCH_PATHS = (
					"$(inherited)",
					"$(PLATFORM_DIR)/Developer/Library/Frameworks",
				);
				HEADER_SEARCH_PATHS = "$(inherited)";
				INFOPLIST_FILE = Srt2BilibiliKit.xcodeproj/BilibiliKit_Info.plist;
				LD_RUNPATH_SEARCH_PATHS = "$(TOOLCHAIN_DIR)/usr/lib/swift/macosx";
				OTHER_LDFLAGS = "$(inherited)";
				OTHER_SWIFT_FLAGS = "$(inherited)";
				PRODUCT_BUNDLE_IDENTIFIER = BilibiliKit;
				PRODUCT_MODULE_NAME = "$(TARGET_NAME:c99extidentifier)";
				PRODUCT_NAME = "$(TARGET_NAME:c99extidentifier)";
				SKIP_INSTALL = YES;
				SWIFT_VERSION = 4.0;
				TARGET_NAME = BilibiliKit;
			};
			name = Release;
		};
		OBJ_142 /* Debug */ = {
			isa = XCBuildConfiguration;
			buildSettings = {
			};
			name = Debug;
		};
		OBJ_143 /* Release */ = {
			isa = XCBuildConfiguration;
			buildSettings = {
			};
			name = Release;
		};
		OBJ_3 /* Debug */ = {
			isa = XCBuildConfiguration;
			buildSettings = {
				CLANG_ENABLE_OBJC_ARC = YES;
				COMBINE_HIDPI_IMAGES = YES;
				COPY_PHASE_STRIP = NO;
				DEBUG_INFORMATION_FORMAT = dwarf;
				DYLIB_INSTALL_NAME_BASE = "@rpath";
				ENABLE_NS_ASSERTIONS = YES;
				GCC_OPTIMIZATION_LEVEL = 0;
				MACOSX_DEPLOYMENT_TARGET = 10.10;
				ONLY_ACTIVE_ARCH = YES;
				OTHER_SWIFT_FLAGS = "-DXcode";
				PRODUCT_NAME = "$(TARGET_NAME)";
				SDKROOT = macosx;
				SUPPORTED_PLATFORMS = "macosx iphoneos iphonesimulator appletvos appletvsimulator watchos watchsimulator";
				SWIFT_ACTIVE_COMPILATION_CONDITIONS = SWIFT_PACKAGE;
				SWIFT_OPTIMIZATION_LEVEL = "-Onone";
				USE_HEADERMAP = NO;
			};
			name = Debug;
		};
		OBJ_4 /* Release */ = {
			isa = XCBuildConfiguration;
			buildSettings = {
				CLANG_ENABLE_OBJC_ARC = YES;
				COMBINE_HIDPI_IMAGES = YES;
				COPY_PHASE_STRIP = YES;
				DEBUG_INFORMATION_FORMAT = "dwarf-with-dsym";
				DYLIB_INSTALL_NAME_BASE = "@rpath";
				GCC_OPTIMIZATION_LEVEL = s;
				MACOSX_DEPLOYMENT_TARGET = 10.10;
				OTHER_SWIFT_FLAGS = "-DXcode";
				PRODUCT_NAME = "$(TARGET_NAME)";
				SDKROOT = macosx;
				SUPPORTED_PLATFORMS = "macosx iphoneos iphonesimulator appletvos appletvsimulator watchos watchsimulator";
				SWIFT_ACTIVE_COMPILATION_CONDITIONS = SWIFT_PACKAGE;
				SWIFT_OPTIMIZATION_LEVEL = "-Owholemodule";
				USE_HEADERMAP = NO;
			};
			name = Release;
		};
		OBJ_55 /* Debug */ = {
			isa = XCBuildConfiguration;
			buildSettings = {
				LD = /usr/bin/true;
				OTHER_SWIFT_FLAGS = "-swift-version 4 -I /Applications/Xcode.app/Contents/Developer/Toolchains/XcodeDefault.xctoolchain/usr/lib/swift/pm/4 -target x86_64-apple-macosx10.10 -sdk /Applications/Xcode.app/Contents/Developer/Platforms/MacOSX.platform/Developer/SDKs/MacOSX10.13.sdk";
				SWIFT_VERSION = 4.0;
			};
			name = Debug;
		};
		OBJ_56 /* Release */ = {
			isa = XCBuildConfiguration;
			buildSettings = {
				LD = /usr/bin/true;
				OTHER_SWIFT_FLAGS = "-swift-version 4 -I /Applications/Xcode.app/Contents/Developer/Toolchains/XcodeDefault.xctoolchain/usr/lib/swift/pm/4 -target x86_64-apple-macosx10.10 -sdk /Applications/Xcode.app/Contents/Developer/Platforms/MacOSX.platform/Developer/SDKs/MacOSX10.13.sdk";
				SWIFT_VERSION = 4.0;
			};
			name = Release;
		};
		OBJ_61 /* Debug */ = {
			isa = XCBuildConfiguration;
			buildSettings = {
				LD = /usr/bin/true;
				OTHER_SWIFT_FLAGS = "-swift-version 4 -I /Applications/Xcode.app/Contents/Developer/Toolchains/XcodeDefault.xctoolchain/usr/lib/swift/pm/4 -target x86_64-apple-macosx10.10 -sdk /Applications/Xcode.app/Contents/Developer/Platforms/MacOSX.platform/Developer/SDKs/MacOSX10.13.sdk";
				SWIFT_VERSION = 4.0;
			};
			name = Debug;
		};
		OBJ_62 /* Release */ = {
			isa = XCBuildConfiguration;
			buildSettings = {
				LD = /usr/bin/true;
				OTHER_SWIFT_FLAGS = "-swift-version 4 -I /Applications/Xcode.app/Contents/Developer/Toolchains/XcodeDefault.xctoolchain/usr/lib/swift/pm/4 -target x86_64-apple-macosx10.10 -sdk /Applications/Xcode.app/Contents/Developer/Platforms/MacOSX.platform/Developer/SDKs/MacOSX10.13.sdk";
				SWIFT_VERSION = 4.0;
			};
			name = Release;
		};
		OBJ_67 /* Debug */ = {
			isa = XCBuildConfiguration;
			buildSettings = {
				LD = /usr/bin/true;
				OTHER_SWIFT_FLAGS = "-swift-version 4 -I /Applications/Xcode.app/Contents/Developer/Toolchains/XcodeDefault.xctoolchain/usr/lib/swift/pm/4 -target x86_64-apple-macosx10.10 -sdk /Applications/Xcode.app/Contents/Developer/Platforms/MacOSX.platform/Developer/SDKs/MacOSX10.13.sdk";
				SWIFT_VERSION = 4.0;
			};
			name = Debug;
		};
		OBJ_68 /* Release */ = {
			isa = XCBuildConfiguration;
			buildSettings = {
				LD = /usr/bin/true;
				OTHER_SWIFT_FLAGS = "-swift-version 4 -I /Applications/Xcode.app/Contents/Developer/Toolchains/XcodeDefault.xctoolchain/usr/lib/swift/pm/4 -target x86_64-apple-macosx10.10 -sdk /Applications/Xcode.app/Contents/Developer/Platforms/MacOSX.platform/Developer/SDKs/MacOSX10.13.sdk";
				SWIFT_VERSION = 4.0;
			};
			name = Release;
		};
		OBJ_73 /* Debug */ = {
			isa = XCBuildConfiguration;
			buildSettings = {
				FRAMEWORK_SEARCH_PATHS = (
					"$(inherited)",
					"$(PLATFORM_DIR)/Developer/Library/Frameworks",
				);
				HEADER_SEARCH_PATHS = "$(inherited)";
				INFOPLIST_FILE = Srt2BilibiliKit.xcodeproj/Srt2Bilibili_cli_Info.plist;
				LD_RUNPATH_SEARCH_PATHS = "$(TOOLCHAIN_DIR)/usr/lib/swift/macosx @executable_path";
				OTHER_LDFLAGS = "$(inherited)";
				OTHER_SWIFT_FLAGS = "$(inherited)";
				SWIFT_FORCE_DYNAMIC_LINK_STDLIB = YES;
				SWIFT_FORCE_STATIC_LINK_STDLIB = NO;
				SWIFT_VERSION = 4.0;
				TARGET_NAME = "Srt2Bilibili-cli";
			};
			name = Debug;
		};
		OBJ_74 /* Release */ = {
			isa = XCBuildConfiguration;
			buildSettings = {
				FRAMEWORK_SEARCH_PATHS = (
					"$(inherited)",
					"$(PLATFORM_DIR)/Developer/Library/Frameworks",
				);
				HEADER_SEARCH_PATHS = "$(inherited)";
				INFOPLIST_FILE = Srt2BilibiliKit.xcodeproj/Srt2Bilibili_cli_Info.plist;
				LD_RUNPATH_SEARCH_PATHS = "$(TOOLCHAIN_DIR)/usr/lib/swift/macosx @executable_path";
				OTHER_LDFLAGS = "$(inherited)";
				OTHER_SWIFT_FLAGS = "$(inherited)";
				SWIFT_FORCE_DYNAMIC_LINK_STDLIB = YES;
				SWIFT_FORCE_STATIC_LINK_STDLIB = NO;
				SWIFT_VERSION = 4.0;
				TARGET_NAME = "Srt2Bilibili-cli";
			};
			name = Release;
		};
		OBJ_88 /* Debug */ = {
			isa = XCBuildConfiguration;
			buildSettings = {
				ENABLE_TESTABILITY = YES;
				FRAMEWORK_SEARCH_PATHS = (
					"$(inherited)",
					"$(PLATFORM_DIR)/Developer/Library/Frameworks",
				);
				HEADER_SEARCH_PATHS = "$(inherited)";
				INFOPLIST_FILE = Srt2BilibiliKit.xcodeproj/swift_qrcodejs_Info.plist;
				LD_RUNPATH_SEARCH_PATHS = "$(TOOLCHAIN_DIR)/usr/lib/swift/macosx";
				OTHER_LDFLAGS = "$(inherited)";
				OTHER_SWIFT_FLAGS = "$(inherited)";
				PRODUCT_BUNDLE_IDENTIFIER = "swift-qrcodejs";
				PRODUCT_MODULE_NAME = "$(TARGET_NAME:c99extidentifier)";
				PRODUCT_NAME = "$(TARGET_NAME:c99extidentifier)";
				SKIP_INSTALL = YES;
				SWIFT_VERSION = 4.0;
				TARGET_NAME = swift_qrcodejs;
			};
			name = Debug;
		};
		OBJ_89 /* Release */ = {
			isa = XCBuildConfiguration;
			buildSettings = {
				ENABLE_TESTABILITY = YES;
				FRAMEWORK_SEARCH_PATHS = (
					"$(inherited)",
					"$(PLATFORM_DIR)/Developer/Library/Frameworks",
				);
				HEADER_SEARCH_PATHS = "$(inherited)";
				INFOPLIST_FILE = Srt2BilibiliKit.xcodeproj/swift_qrcodejs_Info.plist;
				LD_RUNPATH_SEARCH_PATHS = "$(TOOLCHAIN_DIR)/usr/lib/swift/macosx";
				OTHER_LDFLAGS = "$(inherited)";
				OTHER_SWIFT_FLAGS = "$(inherited)";
				PRODUCT_BUNDLE_IDENTIFIER = "swift-qrcodejs";
				PRODUCT_MODULE_NAME = "$(TARGET_NAME:c99extidentifier)";
				PRODUCT_NAME = "$(TARGET_NAME:c99extidentifier)";
				SKIP_INSTALL = YES;
				SWIFT_VERSION = 4.0;
				TARGET_NAME = swift_qrcodejs;
			};
			name = Release;
		};
/* End XCBuildConfiguration section */

/* Begin XCConfigurationList section */
		OBJ_108 /* Build configuration list for PBXNativeTarget "Srt2BilibiliKitTests" */ = {
			isa = XCConfigurationList;
			buildConfigurations = (
				OBJ_109 /* Debug */,
				OBJ_110 /* Release */,
			);
			defaultConfigurationIsVisible = 0;
			defaultConfigurationName = Debug;
		};
		OBJ_118 /* Build configuration list for PBXNativeTarget "Srt2BilibiliKit" */ = {
			isa = XCConfigurationList;
			buildConfigurations = (
				OBJ_119 /* Debug */,
				OBJ_120 /* Release */,
			);
			defaultConfigurationIsVisible = 0;
			defaultConfigurationName = Debug;
		};
		OBJ_133 /* Build configuration list for PBXNativeTarget "BilibiliKit" */ = {
			isa = XCConfigurationList;
			buildConfigurations = (
				OBJ_134 /* Debug */,
				OBJ_135 /* Release */,
			);
			defaultConfigurationIsVisible = 0;
			defaultConfigurationName = Debug;
		};
		OBJ_141 /* Build configuration list for PBXAggregateTarget "Srt2BilibiliKitPackageTests" */ = {
			isa = XCConfigurationList;
			buildConfigurations = (
				OBJ_142 /* Debug */,
				OBJ_143 /* Release */,
			);
			defaultConfigurationIsVisible = 0;
			defaultConfigurationName = Debug;
		};
		OBJ_2 /* Build configuration list for PBXProject "Srt2BilibiliKit" */ = {
			isa = XCConfigurationList;
			buildConfigurations = (
				OBJ_3 /* Debug */,
				OBJ_4 /* Release */,
			);
			defaultConfigurationIsVisible = 0;
			defaultConfigurationName = Debug;
		};
		OBJ_54 /* Build configuration list for PBXNativeTarget "Srt2BilibiliKitPackageDescription" */ = {
			isa = XCConfigurationList;
			buildConfigurations = (
				OBJ_55 /* Debug */,
				OBJ_56 /* Release */,
			);
			defaultConfigurationIsVisible = 0;
			defaultConfigurationName = Debug;
		};
		OBJ_60 /* Build configuration list for PBXNativeTarget "swift_qrcodejsPackageDescription" */ = {
			isa = XCConfigurationList;
			buildConfigurations = (
				OBJ_61 /* Debug */,
				OBJ_62 /* Release */,
			);
			defaultConfigurationIsVisible = 0;
			defaultConfigurationName = Debug;
		};
		OBJ_66 /* Build configuration list for PBXNativeTarget "BilibiliKitPackageDescription" */ = {
			isa = XCConfigurationList;
			buildConfigurations = (
				OBJ_67 /* Debug */,
				OBJ_68 /* Release */,
			);
			defaultConfigurationIsVisible = 0;
			defaultConfigurationName = Debug;
		};
		OBJ_72 /* Build configuration list for PBXNativeTarget "Srt2Bilibili-cli" */ = {
			isa = XCConfigurationList;
			buildConfigurations = (
				OBJ_73 /* Debug */,
				OBJ_74 /* Release */,
			);
			defaultConfigurationIsVisible = 0;
			defaultConfigurationName = Debug;
		};
		OBJ_87 /* Build configuration list for PBXNativeTarget "swift_qrcodejs" */ = {
			isa = XCConfigurationList;
			buildConfigurations = (
				OBJ_88 /* Debug */,
				OBJ_89 /* Release */,
			);
			defaultConfigurationIsVisible = 0;
			defaultConfigurationName = Debug;
		};
/* End XCConfigurationList section */
	};
	rootObject = OBJ_1 /* Project object */;
}
