// !$*UTF8*$!
{
	archiveVersion = 1;
	classes = {
	};
	objectVersion = 46;
	objects = {

/* Begin PBXBuildFile section */
		OBJ_27 /* main.swift in Sources */ = {isa = PBXBuildFile; fileRef = OBJ_8 /* main.swift */; };
		OBJ_29 /* Srt2BilibiliKit.framework in Frameworks */ = {isa = PBXBuildFile; fileRef = "Srt2BilibiliKit::Srt2BilibiliKit::Product" /* Srt2BilibiliKit.framework */; };
		OBJ_36 /* S2BCookie.swift in Sources */ = {isa = PBXBuildFile; fileRef = OBJ_12 /* S2BCookie.swift */; };
		OBJ_37 /* S2BDanmaku.swift in Sources */ = {isa = PBXBuildFile; fileRef = OBJ_13 /* S2BDanmaku.swift */; };
		OBJ_38 /* S2BEmitter.swift in Sources */ = {isa = PBXBuildFile; fileRef = OBJ_14 /* S2BEmitter.swift */; };
		OBJ_39 /* S2BPostableDanmaku.swift in Sources */ = {isa = PBXBuildFile; fileRef = OBJ_15 /* S2BPostableDanmaku.swift */; };
		OBJ_40 /* S2BSubRipFile.swift in Sources */ = {isa = PBXBuildFile; fileRef = OBJ_16 /* S2BSubRipFile.swift */; };
		OBJ_41 /* S2BSubtitle.swift in Sources */ = {isa = PBXBuildFile; fileRef = OBJ_17 /* S2BSubtitle.swift */; };
		OBJ_42 /* S2BVideo.swift in Sources */ = {isa = PBXBuildFile; fileRef = OBJ_18 /* S2BVideo.swift */; };
/* End PBXBuildFile section */

/* Begin PBXContainerItemProxy section */
		52E932E41F16DE1B00532818 /* PBXContainerItemProxy */ = {
			isa = PBXContainerItemProxy;
			containerPortal = OBJ_1 /* Project object */;
			proxyType = 1;
			remoteGlobalIDString = "Srt2BilibiliKit::Srt2BilibiliKit";
			remoteInfo = Srt2BilibiliKit;
		};
/* End PBXContainerItemProxy section */

/* Begin PBXFileReference section */
		OBJ_12 /* S2BCookie.swift */ = {isa = PBXFileReference; lastKnownFileType = sourcecode.swift; path = S2BCookie.swift; sourceTree = "<group>"; };
		OBJ_13 /* S2BDanmaku.swift */ = {isa = PBXFileReference; lastKnownFileType = sourcecode.swift; path = S2BDanmaku.swift; sourceTree = "<group>"; };
		OBJ_14 /* S2BEmitter.swift */ = {isa = PBXFileReference; lastKnownFileType = sourcecode.swift; path = S2BEmitter.swift; sourceTree = "<group>"; };
		OBJ_15 /* S2BPostableDanmaku.swift */ = {isa = PBXFileReference; lastKnownFileType = sourcecode.swift; path = S2BPostableDanmaku.swift; sourceTree = "<group>"; };
		OBJ_16 /* S2BSubRipFile.swift */ = {isa = PBXFileReference; lastKnownFileType = sourcecode.swift; path = S2BSubRipFile.swift; sourceTree = "<group>"; };
		OBJ_17 /* S2BSubtitle.swift */ = {isa = PBXFileReference; lastKnownFileType = sourcecode.swift; path = S2BSubtitle.swift; sourceTree = "<group>"; };
		OBJ_18 /* S2BVideo.swift */ = {isa = PBXFileReference; lastKnownFileType = sourcecode.swift; path = S2BVideo.swift; sourceTree = "<group>"; };
		OBJ_6 /* Package.swift */ = {isa = PBXFileReference; explicitFileType = sourcecode.swift; path = Package.swift; sourceTree = "<group>"; };
		OBJ_8 /* main.swift */ = {isa = PBXFileReference; lastKnownFileType = sourcecode.swift; path = main.swift; sourceTree = "<group>"; };
		"Srt2Bilibili-cli::Srt2Bilibili-cli::Product" /* Srt2Bilibili-cli */ = {isa = PBXFileReference; lastKnownFileType = text; path = "Srt2Bilibili-cli"; sourceTree = BUILT_PRODUCTS_DIR; };
		"Srt2BilibiliKit::Srt2BilibiliKit::Product" /* Srt2BilibiliKit.framework */ = {isa = PBXFileReference; explicitFileType = wrapper.framework; path = Srt2BilibiliKit.framework; sourceTree = BUILT_PRODUCTS_DIR; };
/* End PBXFileReference section */

/* Begin PBXFrameworksBuildPhase section */
		OBJ_28 /* Frameworks */ = {
			isa = PBXFrameworksBuildPhase;
			buildActionMask = 0;
			files = (
				OBJ_29 /* Srt2BilibiliKit.framework in Frameworks */,
			);
			runOnlyForDeploymentPostprocessing = 0;
		};
		OBJ_43 /* Frameworks */ = {
			isa = PBXFrameworksBuildPhase;
			buildActionMask = 0;
			files = (
			);
			runOnlyForDeploymentPostprocessing = 0;
		};
/* End PBXFrameworksBuildPhase section */

/* Begin PBXGroup section */
		OBJ_10 /* Dependencies */ = {
			isa = PBXGroup;
			children = (
				OBJ_11 /* Srt2BilibiliKit 1.0.0 */,
			);
			name = Dependencies;
			sourceTree = "<group>";
		};
		OBJ_11 /* Srt2BilibiliKit 1.0.0 */ = {
			isa = PBXGroup;
			children = (
				OBJ_12 /* S2BCookie.swift */,
				OBJ_13 /* S2BDanmaku.swift */,
				OBJ_14 /* S2BEmitter.swift */,
				OBJ_15 /* S2BPostableDanmaku.swift */,
				OBJ_16 /* S2BSubRipFile.swift */,
				OBJ_17 /* S2BSubtitle.swift */,
				OBJ_18 /* S2BVideo.swift */,
			);
			name = "Srt2BilibiliKit 1.0.0";
			path = ".build/checkouts/Srt2BilibiliKit-6332058414120014775/Sources";
			sourceTree = SOURCE_ROOT;
		};
		OBJ_19 /* Products */ = {
			isa = PBXGroup;
			children = (
				"Srt2Bilibili-cli::Srt2Bilibili-cli::Product" /* Srt2Bilibili-cli */,
				"Srt2BilibiliKit::Srt2BilibiliKit::Product" /* Srt2BilibiliKit.framework */,
			);
			name = Products;
			sourceTree = BUILT_PRODUCTS_DIR;
		};
		OBJ_5 /*  */ = {
			isa = PBXGroup;
			children = (
				OBJ_6 /* Package.swift */,
				OBJ_7 /* Sources */,
				OBJ_9 /* Tests */,
				OBJ_10 /* Dependencies */,
				OBJ_19 /* Products */,
			);
			name = "";
			sourceTree = "<group>";
		};
		OBJ_7 /* Sources */ = {
			isa = PBXGroup;
			children = (
				OBJ_8 /* main.swift */,
			);
			name = Sources;
			sourceTree = SOURCE_ROOT;
		};
		OBJ_9 /* Tests */ = {
			isa = PBXGroup;
			children = (
			);
			name = Tests;
			sourceTree = SOURCE_ROOT;
		};
/* End PBXGroup section */

/* Begin PBXNativeTarget section */
		"Srt2Bilibili-cli::Srt2Bilibili-cli" /* Srt2Bilibili-cli */ = {
			isa = PBXNativeTarget;
			buildConfigurationList = OBJ_23 /* Build configuration list for PBXNativeTarget "Srt2Bilibili-cli" */;
			buildPhases = (
				OBJ_26 /* Sources */,
				OBJ_28 /* Frameworks */,
			);
			buildRules = (
			);
			dependencies = (
				OBJ_30 /* PBXTargetDependency */,
			);
			name = "Srt2Bilibili-cli";
			productName = Srt2Bilibili_cli;
			productReference = "Srt2Bilibili-cli::Srt2Bilibili-cli::Product" /* Srt2Bilibili-cli */;
			productType = "com.apple.product-type.tool";
		};
		"Srt2BilibiliKit::Srt2BilibiliKit" /* Srt2BilibiliKit */ = {
			isa = PBXNativeTarget;
			buildConfigurationList = OBJ_32 /* Build configuration list for PBXNativeTarget "Srt2BilibiliKit" */;
			buildPhases = (
				OBJ_35 /* Sources */,
				OBJ_43 /* Frameworks */,
			);
			buildRules = (
			);
			dependencies = (
			);
			name = Srt2BilibiliKit;
			productName = Srt2BilibiliKit;
			productReference = "Srt2BilibiliKit::Srt2BilibiliKit::Product" /* Srt2BilibiliKit.framework */;
			productType = "com.apple.product-type.framework";
		};
/* End PBXNativeTarget section */

/* Begin PBXProject section */
		OBJ_1 /* Project object */ = {
			isa = PBXProject;
			attributes = {
				LastUpgradeCheck = 9999;
			};
			buildConfigurationList = OBJ_2 /* Build configuration list for PBXProject "Srt2Bilibili-cli" */;
			compatibilityVersion = "Xcode 3.2";
			developmentRegion = English;
			hasScannedForEncodings = 0;
			knownRegions = (
				en,
			);
			mainGroup = OBJ_5 /*  */;
			productRefGroup = OBJ_19 /* Products */;
			projectDirPath = "";
			projectRoot = "";
			targets = (
				"Srt2Bilibili-cli::Srt2Bilibili-cli" /* Srt2Bilibili-cli */,
				"Srt2BilibiliKit::Srt2BilibiliKit" /* Srt2BilibiliKit */,
			);
		};
/* End PBXProject section */

/* Begin PBXSourcesBuildPhase section */
		OBJ_26 /* Sources */ = {
			isa = PBXSourcesBuildPhase;
			buildActionMask = 0;
			files = (
				OBJ_27 /* main.swift in Sources */,
			);
			runOnlyForDeploymentPostprocessing = 0;
		};
		OBJ_35 /* Sources */ = {
			isa = PBXSourcesBuildPhase;
			buildActionMask = 0;
			files = (
				OBJ_36 /* S2BCookie.swift in Sources */,
				OBJ_37 /* S2BDanmaku.swift in Sources */,
				OBJ_38 /* S2BEmitter.swift in Sources */,
				OBJ_39 /* S2BPostableDanmaku.swift in Sources */,
				OBJ_40 /* S2BSubRipFile.swift in Sources */,
				OBJ_41 /* S2BSubtitle.swift in Sources */,
				OBJ_42 /* S2BVideo.swift in Sources */,
			);
			runOnlyForDeploymentPostprocessing = 0;
		};
/* End PBXSourcesBuildPhase section */

/* Begin PBXTargetDependency section */
		OBJ_30 /* PBXTargetDependency */ = {
			isa = PBXTargetDependency;
			target = "Srt2BilibiliKit::Srt2BilibiliKit" /* Srt2BilibiliKit */;
			targetProxy = 52E932E41F16DE1B00532818 /* PBXContainerItemProxy */;
		};
/* End PBXTargetDependency section */

/* Begin XCBuildConfiguration section */
		OBJ_24 /* Debug */ = {
			isa = XCBuildConfiguration;
			buildSettings = {
				FRAMEWORK_SEARCH_PATHS = (
					"$(inherited)",
					"$(PLATFORM_DIR)/Developer/Library/Frameworks",
				);
				HEADER_SEARCH_PATHS = "$(inherited)";
				INFOPLIST_FILE = "Srt2Bilibili-cli.xcodeproj/Srt2Bilibili_cli_Info.plist";
				LD_RUNPATH_SEARCH_PATHS = "$(TOOLCHAIN_DIR)/usr/lib/swift/macosx @executable_path";
				OTHER_LDFLAGS = "$(inherited)";
				OTHER_SWIFT_FLAGS = "$(inherited)";
				SWIFT_FORCE_DYNAMIC_LINK_STDLIB = YES;
				SWIFT_FORCE_STATIC_LINK_STDLIB = NO;
				SWIFT_VERSION = 3.0;
				TARGET_NAME = "Srt2Bilibili-cli";
			};
			name = Debug;
		};
		OBJ_25 /* Release */ = {
			isa = XCBuildConfiguration;
			buildSettings = {
				FRAMEWORK_SEARCH_PATHS = (
					"$(inherited)",
					"$(PLATFORM_DIR)/Developer/Library/Frameworks",
				);
				HEADER_SEARCH_PATHS = "$(inherited)";
				INFOPLIST_FILE = "Srt2Bilibili-cli.xcodeproj/Srt2Bilibili_cli_Info.plist";
				LD_RUNPATH_SEARCH_PATHS = "$(TOOLCHAIN_DIR)/usr/lib/swift/macosx @executable_path";
				OTHER_LDFLAGS = "$(inherited)";
				OTHER_SWIFT_FLAGS = "$(inherited)";
				SWIFT_FORCE_DYNAMIC_LINK_STDLIB = YES;
				SWIFT_FORCE_STATIC_LINK_STDLIB = NO;
				SWIFT_VERSION = 3.0;
				TARGET_NAME = "Srt2Bilibili-cli";
			};
			name = Release;
		};
		OBJ_3 /* Debug */ = {
			isa = XCBuildConfiguration;
			buildSettings = {
				CLANG_ENABLE_OBJC_ARC = YES;
				COMBINE_HIDPI_IMAGES = YES;
				COPY_PHASE_STRIP = NO;
				DEBUG_INFORMATION_FORMAT = dwarf;
				DYLIB_INSTALL_NAME_BASE = "@rpath";
				ENABLE_NS_ASSERTIONS = YES;
				GCC_OPTIMIZATION_LEVEL = 0;
				MACOSX_DEPLOYMENT_TARGET = 10.10;
				ONLY_ACTIVE_ARCH = YES;
				OTHER_SWIFT_FLAGS = "-DXcode";
				PRODUCT_NAME = "$(TARGET_NAME)";
				SDKROOT = macosx;
				SUPPORTED_PLATFORMS = "macosx iphoneos iphonesimulator appletvos appletvsimulator watchos watchsimulator";
				SWIFT_ACTIVE_COMPILATION_CONDITIONS = SWIFT_PACKAGE;
				SWIFT_OPTIMIZATION_LEVEL = "-Onone";
				USE_HEADERMAP = NO;
			};
			name = Debug;
		};
		OBJ_33 /* Debug */ = {
			isa = XCBuildConfiguration;
			buildSettings = {
				ENABLE_TESTABILITY = YES;
				FRAMEWORK_SEARCH_PATHS = (
					"$(inherited)",
					"$(PLATFORM_DIR)/Developer/Library/Frameworks",
				);
				HEADER_SEARCH_PATHS = "$(inherited)";
				INFOPLIST_FILE = "Srt2Bilibili-cli.xcodeproj/Srt2BilibiliKit_Info.plist";
				LD_RUNPATH_SEARCH_PATHS = "$(TOOLCHAIN_DIR)/usr/lib/swift/macosx";
				OTHER_LDFLAGS = "$(inherited)";
				OTHER_SWIFT_FLAGS = "$(inherited)";
				PRODUCT_BUNDLE_IDENTIFIER = Srt2BilibiliKit;
				PRODUCT_MODULE_NAME = "$(TARGET_NAME:c99extidentifier)";
				PRODUCT_NAME = "$(TARGET_NAME:c99extidentifier)";
				SKIP_INSTALL = YES;
				SWIFT_VERSION = 3.0;
				TARGET_NAME = Srt2BilibiliKit;
			};
			name = Debug;
		};
		OBJ_34 /* Release */ = {
			isa = XCBuildConfiguration;
			buildSettings = {
				ENABLE_TESTABILITY = YES;
				FRAMEWORK_SEARCH_PATHS = (
					"$(inherited)",
					"$(PLATFORM_DIR)/Developer/Library/Frameworks",
				);
				HEADER_SEARCH_PATHS = "$(inherited)";
				INFOPLIST_FILE = "Srt2Bilibili-cli.xcodeproj/Srt2BilibiliKit_Info.plist";
				LD_RUNPATH_SEARCH_PATHS = "$(TOOLCHAIN_DIR)/usr/lib/swift/macosx";
				OTHER_LDFLAGS = "$(inherited)";
				OTHER_SWIFT_FLAGS = "$(inherited)";
				PRODUCT_BUNDLE_IDENTIFIER = Srt2BilibiliKit;
				PRODUCT_MODULE_NAME = "$(TARGET_NAME:c99extidentifier)";
				PRODUCT_NAME = "$(TARGET_NAME:c99extidentifier)";
				SKIP_INSTALL = YES;
				SWIFT_VERSION = 3.0;
				TARGET_NAME = Srt2BilibiliKit;
			};
			name = Release;
		};
		OBJ_4 /* Release */ = {
			isa = XCBuildConfiguration;
			buildSettings = {
				CLANG_ENABLE_OBJC_ARC = YES;
				COMBINE_HIDPI_IMAGES = YES;
				COPY_PHASE_STRIP = YES;
				DEBUG_INFORMATION_FORMAT = "dwarf-with-dsym";
				DYLIB_INSTALL_NAME_BASE = "@rpath";
				GCC_OPTIMIZATION_LEVEL = s;
				MACOSX_DEPLOYMENT_TARGET = 10.10;
				OTHER_SWIFT_FLAGS = "-DXcode";
				PRODUCT_NAME = "$(TARGET_NAME)";
				SDKROOT = macosx;
				SUPPORTED_PLATFORMS = "macosx iphoneos iphonesimulator appletvos appletvsimulator watchos watchsimulator";
				SWIFT_ACTIVE_COMPILATION_CONDITIONS = SWIFT_PACKAGE;
				SWIFT_OPTIMIZATION_LEVEL = "-Owholemodule";
				USE_HEADERMAP = NO;
			};
			name = Release;
		};
/* End XCBuildConfiguration section */

/* Begin XCConfigurationList section */
		OBJ_2 /* Build configuration list for PBXProject "Srt2Bilibili-cli" */ = {
			isa = XCConfigurationList;
			buildConfigurations = (
				OBJ_3 /* Debug */,
				OBJ_4 /* Release */,
			);
			defaultConfigurationIsVisible = 0;
			defaultConfigurationName = Debug;
		};
		OBJ_23 /* Build configuration list for PBXNativeTarget "Srt2Bilibili-cli" */ = {
			isa = XCConfigurationList;
			buildConfigurations = (
				OBJ_24 /* Debug */,
				OBJ_25 /* Release */,
			);
			defaultConfigurationIsVisible = 0;
			defaultConfigurationName = Debug;
		};
		OBJ_32 /* Build configuration list for PBXNativeTarget "Srt2BilibiliKit" */ = {
			isa = XCConfigurationList;
			buildConfigurations = (
				OBJ_33 /* Debug */,
				OBJ_34 /* Release */,
			);
			defaultConfigurationIsVisible = 0;
			defaultConfigurationName = Debug;
		};
/* End XCConfigurationList section */
	};
	rootObject = OBJ_1 /* Project object */;
}
